Microsoft Visual Studio Solution File, Format Version 12.00
# Visual Studio 2012
Project("{2150E333-8FDC-42A3-9474-1A3956D46DE8}") = "service", "service", "{323A18B5-176A-40A4-AD13-944938CC2976}"
EndProject
Project("{2150E333-8FDC-42A3-9474-1A3956D46DE8}") = "quote", "quote", "{75AD5AE1-6441-4D98-9440-234E2F31613C}"
EndProject
Project("{2150E333-8FDC-42A3-9474-1A3956D46DE8}") = "trade", "trade", "{23805037-F243-4E94-8376-9424D108D3C5}"
EndProject
Project("{2150E333-8FDC-42A3-9474-1A3956D46DE8}") = "public", "public", "{DDBB46A8-B6A9-46C4-A8F3-9265CFCA856C}"
EndProject
Project("{2150E333-8FDC-42A3-9474-1A3956D46DE8}") = "lang", "lang", "{194E0F17-D04B-4BCD-9473-8C953B31AD55}"
EndProject
Project("{2150E333-8FDC-42A3-9474-1A3956D46DE8}") = "demo", "demo", "{0990D0A4-6F62-4BEC-958A-8319C46ADA38}"
EndProject
Project("{8BC9CEB8-8B4A-11D0-8D11-00A0C91BC942}") = "Transaction", "BizEntity\Transaction\Transaction.vcxproj", "{561F0AF2-E017-4B64-82E7-C9D424694A8F}"
EndProject
Project("{8BC9CEB8-8B4A-11D0-8D11-00A0C91BC942}") = "Winner", "Winnner\Winnner.vcxproj", "{3B8DD779-7F55-4AE0-9D16-D43ECBA6D56D}"
EndProject
Project("{8BC9CEB8-8B4A-11D0-8D11-00A0C91BC942}") = "HelperLib", "HelperLib\HelperLib.vcxproj", "{DC272474-AC0F-4BD0-BA8F-DA1992A338B4}"
EndProject
Project("{8BC9CEB8-8B4A-11D0-8D11-00A0C91BC942}") = "LogService", "ServiceEntity\LogService\LogService.vcxproj", "{814ED4DE-37CC-4151-B4FB-53CB67823CEE}"
EndProject
Project("{8BC9CEB8-8B4A-11D0-8D11-00A0C91BC942}") = "CommControls", "Controls\CommControls\CommControls.vcproj", "{6154E7E7-5AFC-432F-B8D9-CFAF99D63461}"
	ProjectSection(ProjectDependencies) = postProject
		{DC272474-AC0F-4BD0-BA8F-DA1992A338B4} = {DC272474-AC0F-4BD0-BA8F-DA1992A338B4}
	EndProjectSection
EndProject
Project("{8BC9CEB8-8B4A-11D0-8D11-00A0C91BC942}") = "DataSource", "ServiceEntity\DataSource\DataSource\DataSource.vcxproj", "{80940506-CDF2-45EB-A78F-E662C082F8F6}"
EndProject
Project("{8BC9CEB8-8B4A-11D0-8D11-00A0C91BC942}") = "NetEngine", "ServiceEntity\NetEngine\NetEngine.vcxproj", "{CCBEEB0D-3276-4C0F-956B-2A11F73F018D}"
EndProject
Project("{8BC9CEB8-8B4A-11D0-8D11-00A0C91BC942}") = "Login", "Login\Login.vcxproj", "{032FE4B9-89EB-4A2D-AFE5-3CD456520B3C}"
EndProject
Project("{8BC9CEB8-8B4A-11D0-8D11-00A0C91BC942}") = "TradeStock", "BizEntity\TradeStock\TradeStock.vcxproj", "{DF0FB351-417A-4A06-ADF6-0BC21680A9E9}"
EndProject
Project("{8BC9CEB8-8B4A-11D0-8D11-00A0C91BC942}") = "ConfigCore", "ServiceEntity\ConfigCore\ConfigCore.vcxproj", "{CB9D5ECC-D328-41A9-91F5-43E4F50F1335}"
EndProject
Project("{8BC9CEB8-8B4A-11D0-8D11-00A0C91BC942}") = "WinnerStatus", "BizEntity\WinnerStatus\WinnerStatus.vcxproj", "{83A501DA-C102-4212-8D05-9E384FFBC0BF}"
EndProject
Project("{8BC9CEB8-8B4A-11D0-8D11-00A0C91BC942}") = "QuoteReport", "BizEntity\Quote\QuoteReport\QuoteReport.vcxproj", "{F23C310F-D28C-4BD8-A88D-4CABA544515A}"
EndProject
Project("{8BC9CEB8-8B4A-11D0-8D11-00A0C91BC942}") = "TradeCore", "ServiceEntity\TradeCore\TradeCore.vcxproj", "{AD6F303E-DD5E-4403-B9FF-916D16904900}"
EndProject
Project("{8BC9CEB8-8B4A-11D0-8D11-00A0C91BC942}") = "TradeCommAction", "BizEntity\TradeCommAction\TradeCommAction.vcxproj", "{A6A5402B-B760-49BC-8526-901FD8967AB3}"
EndProject
Project("{8BC9CEB8-8B4A-11D0-8D11-00A0C91BC942}") = "zipFileDll", "Controls\zipFileDll\zipFileDll.vcxproj", "{4CAFB30E-A602-443C-9387-2D29B50BF09C}"
EndProject
Project("{8BC9CEB8-8B4A-11D0-8D11-00A0C91BC942}") = "QuoteLang", "Resource\QuoteLang\QuoteLang.vcxproj", "{C1668567-75CE-4D2E-AB17-5C5755D7433D}"
EndProject
Project("{8BC9CEB8-8B4A-11D0-8D11-00A0C91BC942}") = "TradeLang", "Resource\TradeLang\TradeLang.vcxproj", "{92D0E8A5-F1B4-428E-813B-82275D975CAF}"
EndProject
Project("{8BC9CEB8-8B4A-11D0-8D11-00A0C91BC942}") = "DiagramHolder", "BizEntity\Quote\DiagramHolder\DiagramHolder.vcxproj", "{59399401-1D35-4AC5-8ECB-7E932B2EEF2E}"
EndProject
Project("{8BC9CEB8-8B4A-11D0-8D11-00A0C91BC942}") = "DiagramDemo", "BizEntity\Quote\DemoDiagram\DemoDiagram.vcxproj", "{1EC92455-262F-479A-95CA-2EFDFA68AC8C}"
EndProject
Project("{8BC9CEB8-8B4A-11D0-8D11-00A0C91BC942}") = "DiagramTechKLine", "BizEntity\Quote\DiagramTechKLine\DiagramTechKLine.vcxproj", "{BE3AE936-5A32-494B-A2F0-D180B8A0619C}"
EndProject
Project("{8BC9CEB8-8B4A-11D0-8D11-00A0C91BC942}") = "DiagramRTable", "BizEntity\Quote\DiagramRTable\DiagramRTable.vcxproj", "{BE45B4FC-9EB3-4199-8E4B-10BBB8DF11E4}"
EndProject
Project("{8BC9CEB8-8B4A-11D0-8D11-00A0C91BC942}") = "HSFormulaManDll", "ServiceEntity\HSFormulaManDll\HSFormulaManDll.vcxproj", "{ECEE911E-FDD8-4D66-B4BD-F57D28AAB3B8}"
EndProject
Project("{8BC9CEB8-8B4A-11D0-8D11-00A0C91BC942}") = "DiagramFoundation", "BizEntity\Quote\DiagramFoundation\DiagramFoundation.vcxproj", "{8DC042E6-BD87-4005-A0D3-587B21B71A85}"
EndProject
Project("{8BC9CEB8-8B4A-11D0-8D11-00A0C91BC942}") = "KeyBoard", "ServiceEntity\KeyBoard\KeyBoard.vcxproj", "{519C6B76-C6C8-4E6E-86B8-081B6CD61720}"
EndProject
Project("{8BC9CEB8-8B4A-11D0-8D11-00A0C91BC942}") = "TradeFund", "BizEntity\TradeFund\TradeFund.vcxproj", "{48F3E4CA-B769-4179-9E71-6B5AB4007764}"
EndProject
Project("{8BC9CEB8-8B4A-11D0-8D11-00A0C91BC942}") = "PluginDemo", "BizEntity\PluginDemo\PluginDemo.vcxproj", "{897D7C9E-3F5A-47AD-9797-54620162A474}"
EndProject
Project("{8BC9CEB8-8B4A-11D0-8D11-00A0C91BC942}") = "HSSkin", "HSSkin\HSSkin.vcxproj", "{C3F7B46F-0EE4-459F-A622-AD04D2DB8C39}"
EndProject
Project("{8BC9CEB8-8B4A-11D0-8D11-00A0C91BC942}") = "DiagramCombAnalysis", "BizEntity\Quote\DiagramCombAnalysis\DiagramCombAnalysis.vcxproj", "{358CF198-0306-4A8E-85E8-6856AECB0FE0}"
EndProject
Global
	GlobalSection(SolutionConfigurationPlatforms) = preSolution
		debug_Completion|Win32 = debug_Completion|Win32
		Debug_IOCPServer|Win32 = Debug_IOCPServer|Win32
		Debug|Win32 = Debug|Win32
		release_Completion|Win32 = release_Completion|Win32
		Release_IOCPServer|Win32 = Release_IOCPServer|Win32
		Release|Win32 = Release|Win32
		sun_Send_debug|Win32 = sun_Send_debug|Win32
		sun_send_release|Win32 = sun_send_release|Win32
		东航专用|Win32 = 东航专用|Win32
		东航专用-release|Win32 = 东航专用-release|Win32
	EndGlobalSection
	GlobalSection(ProjectConfigurationPlatforms) = postSolution
		{561F0AF2-E017-4B64-82E7-C9D424694A8F}.debug_Completion|Win32.ActiveCfg = Debug|Win32
		{561F0AF2-E017-4B64-82E7-C9D424694A8F}.debug_Completion|Win32.Build.0 = Debug|Win32
		{561F0AF2-E017-4B64-82E7-C9D424694A8F}.Debug_IOCPServer|Win32.ActiveCfg = Debug|Win32
		{561F0AF2-E017-4B64-82E7-C9D424694A8F}.Debug_IOCPServer|Win32.Build.0 = Debug|Win32
		{561F0AF2-E017-4B64-82E7-C9D424694A8F}.Debug|Win32.ActiveCfg = Debug|Win32
		{561F0AF2-E017-4B64-82E7-C9D424694A8F}.Debug|Win32.Build.0 = Debug|Win32
		{561F0AF2-E017-4B64-82E7-C9D424694A8F}.release_Completion|Win32.ActiveCfg = Release|Win32
		{561F0AF2-E017-4B64-82E7-C9D424694A8F}.release_Completion|Win32.Build.0 = Release|Win32
		{561F0AF2-E017-4B64-82E7-C9D424694A8F}.Release_IOCPServer|Win32.ActiveCfg = Release|Win32
		{561F0AF2-E017-4B64-82E7-C9D424694A8F}.Release_IOCPServer|Win32.Build.0 = Release|Win32
		{561F0AF2-E017-4B64-82E7-C9D424694A8F}.Release|Win32.ActiveCfg = Release|Win32
		{561F0AF2-E017-4B64-82E7-C9D424694A8F}.Release|Win32.Build.0 = Release|Win32
		{561F0AF2-E017-4B64-82E7-C9D424694A8F}.sun_Send_debug|Win32.ActiveCfg = Release|Win32
		{561F0AF2-E017-4B64-82E7-C9D424694A8F}.sun_Send_debug|Win32.Build.0 = Release|Win32
		{561F0AF2-E017-4B64-82E7-C9D424694A8F}.sun_send_release|Win32.ActiveCfg = Release|Win32
		{561F0AF2-E017-4B64-82E7-C9D424694A8F}.sun_send_release|Win32.Build.0 = Release|Win32
		{561F0AF2-E017-4B64-82E7-C9D424694A8F}.东航专用|Win32.ActiveCfg = Release|Win32
		{561F0AF2-E017-4B64-82E7-C9D424694A8F}.东航专用|Win32.Build.0 = Release|Win32
		{561F0AF2-E017-4B64-82E7-C9D424694A8F}.东航专用-release|Win32.ActiveCfg = Release|Win32
		{561F0AF2-E017-4B64-82E7-C9D424694A8F}.东航专用-release|Win32.Build.0 = Release|Win32
		{3B8DD779-7F55-4AE0-9D16-D43ECBA6D56D}.debug_Completion|Win32.ActiveCfg = Debug|Win32
		{3B8DD779-7F55-4AE0-9D16-D43ECBA6D56D}.debug_Completion|Win32.Build.0 = Debug|Win32
		{3B8DD779-7F55-4AE0-9D16-D43ECBA6D56D}.Debug_IOCPServer|Win32.ActiveCfg = Debug|Win32
		{3B8DD779-7F55-4AE0-9D16-D43ECBA6D56D}.Debug_IOCPServer|Win32.Build.0 = Debug|Win32
		{3B8DD779-7F55-4AE0-9D16-D43ECBA6D56D}.Debug|Win32.ActiveCfg = Debug|Win32
		{3B8DD779-7F55-4AE0-9D16-D43ECBA6D56D}.Debug|Win32.Build.0 = Debug|Win32
		{3B8DD779-7F55-4AE0-9D16-D43ECBA6D56D}.release_Completion|Win32.ActiveCfg = Release|Win32
		{3B8DD779-7F55-4AE0-9D16-D43ECBA6D56D}.release_Completion|Win32.Build.0 = Release|Win32
		{3B8DD779-7F55-4AE0-9D16-D43ECBA6D56D}.Release_IOCPServer|Win32.ActiveCfg = Release|Win32
		{3B8DD779-7F55-4AE0-9D16-D43ECBA6D56D}.Release_IOCPServer|Win32.Build.0 = Release|Win32
		{3B8DD779-7F55-4AE0-9D16-D43ECBA6D56D}.Release|Win32.ActiveCfg = Release|Win32
		{3B8DD779-7F55-4AE0-9D16-D43ECBA6D56D}.Release|Win32.Build.0 = Release|Win32
		{3B8DD779-7F55-4AE0-9D16-D43ECBA6D56D}.sun_Send_debug|Win32.ActiveCfg = Release|Win32
		{3B8DD779-7F55-4AE0-9D16-D43ECBA6D56D}.sun_Send_debug|Win32.Build.0 = Release|Win32
		{3B8DD779-7F55-4AE0-9D16-D43ECBA6D56D}.sun_send_release|Win32.ActiveCfg = Release|Win32
		{3B8DD779-7F55-4AE0-9D16-D43ECBA6D56D}.sun_send_release|Win32.Build.0 = Release|Win32
		{3B8DD779-7F55-4AE0-9D16-D43ECBA6D56D}.东航专用|Win32.ActiveCfg = Release|Win32
		{3B8DD779-7F55-4AE0-9D16-D43ECBA6D56D}.东航专用|Win32.Build.0 = Release|Win32
		{3B8DD779-7F55-4AE0-9D16-D43ECBA6D56D}.东航专用-release|Win32.ActiveCfg = Release|Win32
		{3B8DD779-7F55-4AE0-9D16-D43ECBA6D56D}.东航专用-release|Win32.Build.0 = Release|Win32
		{DC272474-AC0F-4BD0-BA8F-DA1992A338B4}.debug_Completion|Win32.ActiveCfg = Debug|Win32
		{DC272474-AC0F-4BD0-BA8F-DA1992A338B4}.debug_Completion|Win32.Build.0 = Debug|Win32
		{DC272474-AC0F-4BD0-BA8F-DA1992A338B4}.Debug_IOCPServer|Win32.ActiveCfg = Debug|Win32
		{DC272474-AC0F-4BD0-BA8F-DA1992A338B4}.Debug_IOCPServer|Win32.Build.0 = Debug|Win32
		{DC272474-AC0F-4BD0-BA8F-DA1992A338B4}.Debug|Win32.ActiveCfg = Debug|Win32
		{DC272474-AC0F-4BD0-BA8F-DA1992A338B4}.Debug|Win32.Build.0 = Debug|Win32
		{DC272474-AC0F-4BD0-BA8F-DA1992A338B4}.release_Completion|Win32.ActiveCfg = Release|Win32
		{DC272474-AC0F-4BD0-BA8F-DA1992A338B4}.release_Completion|Win32.Build.0 = Release|Win32
		{DC272474-AC0F-4BD0-BA8F-DA1992A338B4}.Release_IOCPServer|Win32.ActiveCfg = Release|Win32
		{DC272474-AC0F-4BD0-BA8F-DA1992A338B4}.Release_IOCPServer|Win32.Build.0 = Release|Win32
		{DC272474-AC0F-4BD0-BA8F-DA1992A338B4}.Release|Win32.ActiveCfg = Release|Win32
		{DC272474-AC0F-4BD0-BA8F-DA1992A338B4}.Release|Win32.Build.0 = Release|Win32
		{DC272474-AC0F-4BD0-BA8F-DA1992A338B4}.sun_Send_debug|Win32.ActiveCfg = Release|Win32
		{DC272474-AC0F-4BD0-BA8F-DA1992A338B4}.sun_Send_debug|Win32.Build.0 = Release|Win32
		{DC272474-AC0F-4BD0-BA8F-DA1992A338B4}.sun_send_release|Win32.ActiveCfg = Release|Win32
		{DC272474-AC0F-4BD0-BA8F-DA1992A338B4}.sun_send_release|Win32.Build.0 = Release|Win32
		{DC272474-AC0F-4BD0-BA8F-DA1992A338B4}.东航专用|Win32.ActiveCfg = Release|Win32
		{DC272474-AC0F-4BD0-BA8F-DA1992A338B4}.东航专用|Win32.Build.0 = Release|Win32
		{DC272474-AC0F-4BD0-BA8F-DA1992A338B4}.东航专用-release|Win32.ActiveCfg = Release|Win32
		{DC272474-AC0F-4BD0-BA8F-DA1992A338B4}.东航专用-release|Win32.Build.0 = Release|Win32
		{814ED4DE-37CC-4151-B4FB-53CB67823CEE}.debug_Completion|Win32.ActiveCfg = Debug|Win32
		{814ED4DE-37CC-4151-B4FB-53CB67823CEE}.debug_Completion|Win32.Build.0 = Debug|Win32
		{814ED4DE-37CC-4151-B4FB-53CB67823CEE}.Debug_IOCPServer|Win32.ActiveCfg = Debug|Win32
		{814ED4DE-37CC-4151-B4FB-53CB67823CEE}.Debug_IOCPServer|Win32.Build.0 = Debug|Win32
		{814ED4DE-37CC-4151-B4FB-53CB67823CEE}.Debug|Win32.ActiveCfg = Debug|Win32
		{814ED4DE-37CC-4151-B4FB-53CB67823CEE}.Debug|Win32.Build.0 = Debug|Win32
		{814ED4DE-37CC-4151-B4FB-53CB67823CEE}.release_Completion|Win32.ActiveCfg = Release|Win32
		{814ED4DE-37CC-4151-B4FB-53CB67823CEE}.release_Completion|Win32.Build.0 = Release|Win32
		{814ED4DE-37CC-4151-B4FB-53CB67823CEE}.Release_IOCPServer|Win32.ActiveCfg = Release|Win32
		{814ED4DE-37CC-4151-B4FB-53CB67823CEE}.Release_IOCPServer|Win32.Build.0 = Release|Win32
		{814ED4DE-37CC-4151-B4FB-53CB67823CEE}.Release|Win32.ActiveCfg = Release|Win32
		{814ED4DE-37CC-4151-B4FB-53CB67823CEE}.Release|Win32.Build.0 = Release|Win32
		{814ED4DE-37CC-4151-B4FB-53CB67823CEE}.sun_Send_debug|Win32.ActiveCfg = Release|Win32
		{814ED4DE-37CC-4151-B4FB-53CB67823CEE}.sun_Send_debug|Win32.Build.0 = Release|Win32
		{814ED4DE-37CC-4151-B4FB-53CB67823CEE}.sun_send_release|Win32.ActiveCfg = Release|Win32
		{814ED4DE-37CC-4151-B4FB-53CB67823CEE}.sun_send_release|Win32.Build.0 = Release|Win32
		{814ED4DE-37CC-4151-B4FB-53CB67823CEE}.东航专用|Win32.ActiveCfg = Release|Win32
		{814ED4DE-37CC-4151-B4FB-53CB67823CEE}.东航专用|Win32.Build.0 = Release|Win32
		{814ED4DE-37CC-4151-B4FB-53CB67823CEE}.东航专用-release|Win32.ActiveCfg = Release|Win32
		{814ED4DE-37CC-4151-B4FB-53CB67823CEE}.东航专用-release|Win32.Build.0 = Release|Win32
		{6154E7E7-5AFC-432F-B8D9-CFAF99D63461}.debug_Completion|Win32.ActiveCfg = Debug|Win32
		{6154E7E7-5AFC-432F-B8D9-CFAF99D63461}.debug_Completion|Win32.Build.0 = Debug|Win32
		{6154E7E7-5AFC-432F-B8D9-CFAF99D63461}.Debug_IOCPServer|Win32.ActiveCfg = Debug|Win32
		{6154E7E7-5AFC-432F-B8D9-CFAF99D63461}.Debug_IOCPServer|Win32.Build.0 = Debug|Win32
		{6154E7E7-5AFC-432F-B8D9-CFAF99D63461}.Debug|Win32.ActiveCfg = Debug|Win32
		{6154E7E7-5AFC-432F-B8D9-CFAF99D63461}.Debug|Win32.Build.0 = Debug|Win32
		{6154E7E7-5AFC-432F-B8D9-CFAF99D63461}.release_Completion|Win32.ActiveCfg = Release|Win32
		{6154E7E7-5AFC-432F-B8D9-CFAF99D63461}.release_Completion|Win32.Build.0 = Release|Win32
		{6154E7E7-5AFC-432F-B8D9-CFAF99D63461}.Release_IOCPServer|Win32.ActiveCfg = Release|Win32
		{6154E7E7-5AFC-432F-B8D9-CFAF99D63461}.Release_IOCPServer|Win32.Build.0 = Release|Win32
		{6154E7E7-5AFC-432F-B8D9-CFAF99D63461}.Release|Win32.ActiveCfg = Release|Win32
		{6154E7E7-5AFC-432F-B8D9-CFAF99D63461}.Release|Win32.Build.0 = Release|Win32
		{6154E7E7-5AFC-432F-B8D9-CFAF99D63461}.sun_Send_debug|Win32.ActiveCfg = Release|Win32
		{6154E7E7-5AFC-432F-B8D9-CFAF99D63461}.sun_Send_debug|Win32.Build.0 = Release|Win32
		{6154E7E7-5AFC-432F-B8D9-CFAF99D63461}.sun_send_release|Win32.ActiveCfg = Release|Win32
		{6154E7E7-5AFC-432F-B8D9-CFAF99D63461}.sun_send_release|Win32.Build.0 = Release|Win32
		{6154E7E7-5AFC-432F-B8D9-CFAF99D63461}.东航专用|Win32.ActiveCfg = Release|Win32
		{6154E7E7-5AFC-432F-B8D9-CFAF99D63461}.东航专用|Win32.Build.0 = Release|Win32
		{6154E7E7-5AFC-432F-B8D9-CFAF99D63461}.东航专用-release|Win32.ActiveCfg = Release|Win32
		{6154E7E7-5AFC-432F-B8D9-CFAF99D63461}.东航专用-release|Win32.Build.0 = Release|Win32
		{80940506-CDF2-45EB-A78F-E662C082F8F6}.debug_Completion|Win32.ActiveCfg = Debug|Win32
		{80940506-CDF2-45EB-A78F-E662C082F8F6}.debug_Completion|Win32.Build.0 = Debug|Win32
		{80940506-CDF2-45EB-A78F-E662C082F8F6}.Debug_IOCPServer|Win32.ActiveCfg = Debug|Win32
		{80940506-CDF2-45EB-A78F-E662C082F8F6}.Debug_IOCPServer|Win32.Build.0 = Debug|Win32
		{80940506-CDF2-45EB-A78F-E662C082F8F6}.Debug|Win32.ActiveCfg = Debug|Win32
		{80940506-CDF2-45EB-A78F-E662C082F8F6}.Debug|Win32.Build.0 = Debug|Win32
		{80940506-CDF2-45EB-A78F-E662C082F8F6}.release_Completion|Win32.ActiveCfg = Release|Win32
		{80940506-CDF2-45EB-A78F-E662C082F8F6}.release_Completion|Win32.Build.0 = Release|Win32
		{80940506-CDF2-45EB-A78F-E662C082F8F6}.Release_IOCPServer|Win32.ActiveCfg = Release|Win32
		{80940506-CDF2-45EB-A78F-E662C082F8F6}.Release_IOCPServer|Win32.Build.0 = Release|Win32
		{80940506-CDF2-45EB-A78F-E662C082F8F6}.Release|Win32.ActiveCfg = Release|Win32
		{80940506-CDF2-45EB-A78F-E662C082F8F6}.Release|Win32.Build.0 = Release|Win32
		{80940506-CDF2-45EB-A78F-E662C082F8F6}.sun_Send_debug|Win32.ActiveCfg = Release|Win32
		{80940506-CDF2-45EB-A78F-E662C082F8F6}.sun_Send_debug|Win32.Build.0 = Release|Win32
		{80940506-CDF2-45EB-A78F-E662C082F8F6}.sun_send_release|Win32.ActiveCfg = Release|Win32
		{80940506-CDF2-45EB-A78F-E662C082F8F6}.sun_send_release|Win32.Build.0 = Release|Win32
		{80940506-CDF2-45EB-A78F-E662C082F8F6}.东航专用|Win32.ActiveCfg = Release|Win32
		{80940506-CDF2-45EB-A78F-E662C082F8F6}.东航专用|Win32.Build.0 = Release|Win32
		{80940506-CDF2-45EB-A78F-E662C082F8F6}.东航专用-release|Win32.ActiveCfg = Release|Win32
		{80940506-CDF2-45EB-A78F-E662C082F8F6}.东航专用-release|Win32.Build.0 = Release|Win32
		{CCBEEB0D-3276-4C0F-956B-2A11F73F018D}.debug_Completion|Win32.ActiveCfg = Debug|Win32
		{CCBEEB0D-3276-4C0F-956B-2A11F73F018D}.debug_Completion|Win32.Build.0 = Debug|Win32
		{CCBEEB0D-3276-4C0F-956B-2A11F73F018D}.Debug_IOCPServer|Win32.ActiveCfg = Debug|Win32
		{CCBEEB0D-3276-4C0F-956B-2A11F73F018D}.Debug_IOCPServer|Win32.Build.0 = Debug|Win32
		{CCBEEB0D-3276-4C0F-956B-2A11F73F018D}.Debug|Win32.ActiveCfg = Debug|Win32
		{CCBEEB0D-3276-4C0F-956B-2A11F73F018D}.Debug|Win32.Build.0 = Debug|Win32
		{CCBEEB0D-3276-4C0F-956B-2A11F73F018D}.release_Completion|Win32.ActiveCfg = Release|Win32
		{CCBEEB0D-3276-4C0F-956B-2A11F73F018D}.release_Completion|Win32.Build.0 = Release|Win32
		{CCBEEB0D-3276-4C0F-956B-2A11F73F018D}.Release_IOCPServer|Win32.ActiveCfg = Release|Win32
		{CCBEEB0D-3276-4C0F-956B-2A11F73F018D}.Release_IOCPServer|Win32.Build.0 = Release|Win32
		{CCBEEB0D-3276-4C0F-956B-2A11F73F018D}.Release|Win32.ActiveCfg = Release|Win32
		{CCBEEB0D-3276-4C0F-956B-2A11F73F018D}.Release|Win32.Build.0 = Release|Win32
		{CCBEEB0D-3276-4C0F-956B-2A11F73F018D}.sun_Send_debug|Win32.ActiveCfg = Release|Win32
		{CCBEEB0D-3276-4C0F-956B-2A11F73F018D}.sun_Send_debug|Win32.Build.0 = Release|Win32
		{CCBEEB0D-3276-4C0F-956B-2A11F73F018D}.sun_send_release|Win32.ActiveCfg = Release|Win32
		{CCBEEB0D-3276-4C0F-956B-2A11F73F018D}.sun_send_release|Win32.Build.0 = Release|Win32
		{CCBEEB0D-3276-4C0F-956B-2A11F73F018D}.东航专用|Win32.ActiveCfg = Release|Win32
		{CCBEEB0D-3276-4C0F-956B-2A11F73F018D}.东航专用|Win32.Build.0 = Release|Win32
		{CCBEEB0D-3276-4C0F-956B-2A11F73F018D}.东航专用-release|Win32.ActiveCfg = Release|Win32
		{CCBEEB0D-3276-4C0F-956B-2A11F73F018D}.东航专用-release|Win32.Build.0 = Release|Win32
		{032FE4B9-89EB-4A2D-AFE5-3CD456520B3C}.debug_Completion|Win32.ActiveCfg = Debug|Win32
		{032FE4B9-89EB-4A2D-AFE5-3CD456520B3C}.debug_Completion|Win32.Build.0 = Debug|Win32
		{032FE4B9-89EB-4A2D-AFE5-3CD456520B3C}.Debug_IOCPServer|Win32.ActiveCfg = Debug|Win32
		{032FE4B9-89EB-4A2D-AFE5-3CD456520B3C}.Debug_IOCPServer|Win32.Build.0 = Debug|Win32
		{032FE4B9-89EB-4A2D-AFE5-3CD456520B3C}.Debug|Win32.ActiveCfg = Debug|Win32
		{032FE4B9-89EB-4A2D-AFE5-3CD456520B3C}.Debug|Win32.Build.0 = Debug|Win32
		{032FE4B9-89EB-4A2D-AFE5-3CD456520B3C}.release_Completion|Win32.ActiveCfg = Release|Win32
		{032FE4B9-89EB-4A2D-AFE5-3CD456520B3C}.release_Completion|Win32.Build.0 = Release|Win32
		{032FE4B9-89EB-4A2D-AFE5-3CD456520B3C}.Release_IOCPServer|Win32.ActiveCfg = Release|Win32
		{032FE4B9-89EB-4A2D-AFE5-3CD456520B3C}.Release_IOCPServer|Win32.Build.0 = Release|Win32
		{032FE4B9-89EB-4A2D-AFE5-3CD456520B3C}.Release|Win32.ActiveCfg = Release|Win32
		{032FE4B9-89EB-4A2D-AFE5-3CD456520B3C}.Release|Win32.Build.0 = Release|Win32
		{032FE4B9-89EB-4A2D-AFE5-3CD456520B3C}.sun_Send_debug|Win32.ActiveCfg = Release|Win32
		{032FE4B9-89EB-4A2D-AFE5-3CD456520B3C}.sun_Send_debug|Win32.Build.0 = Release|Win32
		{032FE4B9-89EB-4A2D-AFE5-3CD456520B3C}.sun_send_release|Win32.ActiveCfg = Release|Win32
		{032FE4B9-89EB-4A2D-AFE5-3CD456520B3C}.sun_send_release|Win32.Build.0 = Release|Win32
		{032FE4B9-89EB-4A2D-AFE5-3CD456520B3C}.东航专用|Win32.ActiveCfg = Release|Win32
		{032FE4B9-89EB-4A2D-AFE5-3CD456520B3C}.东航专用|Win32.Build.0 = Release|Win32
		{032FE4B9-89EB-4A2D-AFE5-3CD456520B3C}.东航专用-release|Win32.ActiveCfg = Release|Win32
		{032FE4B9-89EB-4A2D-AFE5-3CD456520B3C}.东航专用-release|Win32.Build.0 = Release|Win32
		{DF0FB351-417A-4A06-ADF6-0BC21680A9E9}.debug_Completion|Win32.ActiveCfg = Debug|Win32
		{DF0FB351-417A-4A06-ADF6-0BC21680A9E9}.debug_Completion|Win32.Build.0 = Debug|Win32
		{DF0FB351-417A-4A06-ADF6-0BC21680A9E9}.Debug_IOCPServer|Win32.ActiveCfg = Debug|Win32
		{DF0FB351-417A-4A06-ADF6-0BC21680A9E9}.Debug_IOCPServer|Win32.Build.0 = Debug|Win32
		{DF0FB351-417A-4A06-ADF6-0BC21680A9E9}.Debug|Win32.ActiveCfg = Debug|Win32
		{DF0FB351-417A-4A06-ADF6-0BC21680A9E9}.Debug|Win32.Build.0 = Debug|Win32
		{DF0FB351-417A-4A06-ADF6-0BC21680A9E9}.release_Completion|Win32.ActiveCfg = Release|Win32
		{DF0FB351-417A-4A06-ADF6-0BC21680A9E9}.release_Completion|Win32.Build.0 = Release|Win32
		{DF0FB351-417A-4A06-ADF6-0BC21680A9E9}.Release_IOCPServer|Win32.ActiveCfg = Release|Win32
		{DF0FB351-417A-4A06-ADF6-0BC21680A9E9}.Release_IOCPServer|Win32.Build.0 = Release|Win32
		{DF0FB351-417A-4A06-ADF6-0BC21680A9E9}.Release|Win32.ActiveCfg = Release|Win32
		{DF0FB351-417A-4A06-ADF6-0BC21680A9E9}.Release|Win32.Build.0 = Release|Win32
		{DF0FB351-417A-4A06-ADF6-0BC21680A9E9}.sun_Send_debug|Win32.ActiveCfg = Release|Win32
		{DF0FB351-417A-4A06-ADF6-0BC21680A9E9}.sun_Send_debug|Win32.Build.0 = Release|Win32
		{DF0FB351-417A-4A06-ADF6-0BC21680A9E9}.sun_send_release|Win32.ActiveCfg = Release|Win32
		{DF0FB351-417A-4A06-ADF6-0BC21680A9E9}.sun_send_release|Win32.Build.0 = Release|Win32
		{DF0FB351-417A-4A06-ADF6-0BC21680A9E9}.东航专用|Win32.ActiveCfg = Release|Win32
		{DF0FB351-417A-4A06-ADF6-0BC21680A9E9}.东航专用|Win32.Build.0 = Release|Win32
		{DF0FB351-417A-4A06-ADF6-0BC21680A9E9}.东航专用-release|Win32.ActiveCfg = Release|Win32
		{DF0FB351-417A-4A06-ADF6-0BC21680A9E9}.东航专用-release|Win32.Build.0 = Release|Win32
		{CB9D5ECC-D328-41A9-91F5-43E4F50F1335}.debug_Completion|Win32.ActiveCfg = Debug|Win32
		{CB9D5ECC-D328-41A9-91F5-43E4F50F1335}.Debug_IOCPServer|Win32.ActiveCfg = Debug|Win32
		{CB9D5ECC-D328-41A9-91F5-43E4F50F1335}.Debug|Win32.ActiveCfg = Debug|Win32
		{CB9D5ECC-D328-41A9-91F5-43E4F50F1335}.Debug|Win32.Build.0 = Debug|Win32
		{CB9D5ECC-D328-41A9-91F5-43E4F50F1335}.release_Completion|Win32.ActiveCfg = Release|Win32
		{CB9D5ECC-D328-41A9-91F5-43E4F50F1335}.Release_IOCPServer|Win32.ActiveCfg = Release|Win32
		{CB9D5ECC-D328-41A9-91F5-43E4F50F1335}.Release|Win32.ActiveCfg = Release|Win32
		{CB9D5ECC-D328-41A9-91F5-43E4F50F1335}.Release|Win32.Build.0 = Release|Win32
		{CB9D5ECC-D328-41A9-91F5-43E4F50F1335}.sun_Send_debug|Win32.ActiveCfg = Release|Win32
		{CB9D5ECC-D328-41A9-91F5-43E4F50F1335}.sun_send_release|Win32.ActiveCfg = Release|Win32
		{CB9D5ECC-D328-41A9-91F5-43E4F50F1335}.东航专用|Win32.ActiveCfg = Release|Win32
		{CB9D5ECC-D328-41A9-91F5-43E4F50F1335}.东航专用-release|Win32.ActiveCfg = Release|Win32
		{83A501DA-C102-4212-8D05-9E384FFBC0BF}.debug_Completion|Win32.ActiveCfg = Debug|Win32
		{83A501DA-C102-4212-8D05-9E384FFBC0BF}.debug_Completion|Win32.Build.0 = Debug|Win32
		{83A501DA-C102-4212-8D05-9E384FFBC0BF}.Debug_IOCPServer|Win32.ActiveCfg = Debug|Win32
		{83A501DA-C102-4212-8D05-9E384FFBC0BF}.Debug_IOCPServer|Win32.Build.0 = Debug|Win32
		{83A501DA-C102-4212-8D05-9E384FFBC0BF}.Debug|Win32.ActiveCfg = Debug|Win32
		{83A501DA-C102-4212-8D05-9E384FFBC0BF}.Debug|Win32.Build.0 = Debug|Win32
		{83A501DA-C102-4212-8D05-9E384FFBC0BF}.release_Completion|Win32.ActiveCfg = Release|Win32
		{83A501DA-C102-4212-8D05-9E384FFBC0BF}.release_Completion|Win32.Build.0 = Release|Win32
		{83A501DA-C102-4212-8D05-9E384FFBC0BF}.Release_IOCPServer|Win32.ActiveCfg = Release|Win32
		{83A501DA-C102-4212-8D05-9E384FFBC0BF}.Release_IOCPServer|Win32.Build.0 = Release|Win32
		{83A501DA-C102-4212-8D05-9E384FFBC0BF}.Release|Win32.ActiveCfg = Release|Win32
		{83A501DA-C102-4212-8D05-9E384FFBC0BF}.Release|Win32.Build.0 = Release|Win32
		{83A501DA-C102-4212-8D05-9E384FFBC0BF}.sun_Send_debug|Win32.ActiveCfg = Release|Win32
		{83A501DA-C102-4212-8D05-9E384FFBC0BF}.sun_Send_debug|Win32.Build.0 = Release|Win32
		{83A501DA-C102-4212-8D05-9E384FFBC0BF}.sun_send_release|Win32.ActiveCfg = Release|Win32
		{83A501DA-C102-4212-8D05-9E384FFBC0BF}.sun_send_release|Win32.Build.0 = Release|Win32
		{83A501DA-C102-4212-8D05-9E384FFBC0BF}.东航专用|Win32.ActiveCfg = Release|Win32
		{83A501DA-C102-4212-8D05-9E384FFBC0BF}.东航专用|Win32.Build.0 = Release|Win32
		{83A501DA-C102-4212-8D05-9E384FFBC0BF}.东航专用-release|Win32.ActiveCfg = Release|Win32
		{83A501DA-C102-4212-8D05-9E384FFBC0BF}.东航专用-release|Win32.Build.0 = Release|Win32
		{F23C310F-D28C-4BD8-A88D-4CABA544515A}.debug_Completion|Win32.ActiveCfg = Debug|Win32
		{F23C310F-D28C-4BD8-A88D-4CABA544515A}.debug_Completion|Win32.Build.0 = Debug|Win32
		{F23C310F-D28C-4BD8-A88D-4CABA544515A}.Debug_IOCPServer|Win32.ActiveCfg = Debug|Win32
		{F23C310F-D28C-4BD8-A88D-4CABA544515A}.Debug_IOCPServer|Win32.Build.0 = Debug|Win32
		{F23C310F-D28C-4BD8-A88D-4CABA544515A}.Debug|Win32.ActiveCfg = Debug|Win32
		{F23C310F-D28C-4BD8-A88D-4CABA544515A}.Debug|Win32.Build.0 = Debug|Win32
		{F23C310F-D28C-4BD8-A88D-4CABA544515A}.release_Completion|Win32.ActiveCfg = Release|Win32
		{F23C310F-D28C-4BD8-A88D-4CABA544515A}.release_Completion|Win32.Build.0 = Release|Win32
		{F23C310F-D28C-4BD8-A88D-4CABA544515A}.Release_IOCPServer|Win32.ActiveCfg = Release|Win32
		{F23C310F-D28C-4BD8-A88D-4CABA544515A}.Release_IOCPServer|Win32.Build.0 = Release|Win32
		{F23C310F-D28C-4BD8-A88D-4CABA544515A}.Release|Win32.ActiveCfg = Release|Win32
		{F23C310F-D28C-4BD8-A88D-4CABA544515A}.Release|Win32.Build.0 = Release|Win32
		{F23C310F-D28C-4BD8-A88D-4CABA544515A}.sun_Send_debug|Win32.ActiveCfg = Release|Win32
		{F23C310F-D28C-4BD8-A88D-4CABA544515A}.sun_Send_debug|Win32.Build.0 = Release|Win32
		{F23C310F-D28C-4BD8-A88D-4CABA544515A}.sun_send_release|Win32.ActiveCfg = Release|Win32
		{F23C310F-D28C-4BD8-A88D-4CABA544515A}.sun_send_release|Win32.Build.0 = Release|Win32
		{F23C310F-D28C-4BD8-A88D-4CABA544515A}.东航专用|Win32.ActiveCfg = Release|Win32
		{F23C310F-D28C-4BD8-A88D-4CABA544515A}.东航专用|Win32.Build.0 = Release|Win32
		{F23C310F-D28C-4BD8-A88D-4CABA544515A}.东航专用-release|Win32.ActiveCfg = Release|Win32
		{F23C310F-D28C-4BD8-A88D-4CABA544515A}.东航专用-release|Win32.Build.0 = Release|Win32
		{AD6F303E-DD5E-4403-B9FF-916D16904900}.debug_Completion|Win32.ActiveCfg = Debug|Win32
		{AD6F303E-DD5E-4403-B9FF-916D16904900}.debug_Completion|Win32.Build.0 = Debug|Win32
		{AD6F303E-DD5E-4403-B9FF-916D16904900}.Debug_IOCPServer|Win32.ActiveCfg = Debug|Win32
		{AD6F303E-DD5E-4403-B9FF-916D16904900}.Debug_IOCPServer|Win32.Build.0 = Debug|Win32
		{AD6F303E-DD5E-4403-B9FF-916D16904900}.Debug|Win32.ActiveCfg = Debug|Win32
		{AD6F303E-DD5E-4403-B9FF-916D16904900}.Debug|Win32.Build.0 = Debug|Win32
		{AD6F303E-DD5E-4403-B9FF-916D16904900}.release_Completion|Win32.ActiveCfg = Release|Win32
		{AD6F303E-DD5E-4403-B9FF-916D16904900}.release_Completion|Win32.Build.0 = Release|Win32
		{AD6F303E-DD5E-4403-B9FF-916D16904900}.Release_IOCPServer|Win32.ActiveCfg = Release|Win32
		{AD6F303E-DD5E-4403-B9FF-916D16904900}.Release_IOCPServer|Win32.Build.0 = Release|Win32
		{AD6F303E-DD5E-4403-B9FF-916D16904900}.Release|Win32.ActiveCfg = Release|Win32
		{AD6F303E-DD5E-4403-B9FF-916D16904900}.Release|Win32.Build.0 = Release|Win32
		{AD6F303E-DD5E-4403-B9FF-916D16904900}.sun_Send_debug|Win32.ActiveCfg = Release|Win32
		{AD6F303E-DD5E-4403-B9FF-916D16904900}.sun_Send_debug|Win32.Build.0 = Release|Win32
		{AD6F303E-DD5E-4403-B9FF-916D16904900}.sun_send_release|Win32.ActiveCfg = Release|Win32
		{AD6F303E-DD5E-4403-B9FF-916D16904900}.sun_send_release|Win32.Build.0 = Release|Win32
		{AD6F303E-DD5E-4403-B9FF-916D16904900}.东航专用|Win32.ActiveCfg = Release|Win32
		{AD6F303E-DD5E-4403-B9FF-916D16904900}.东航专用|Win32.Build.0 = Release|Win32
		{AD6F303E-DD5E-4403-B9FF-916D16904900}.东航专用-release|Win32.ActiveCfg = Release|Win32
		{AD6F303E-DD5E-4403-B9FF-916D16904900}.东航专用-release|Win32.Build.0 = Release|Win32
		{A6A5402B-B760-49BC-8526-901FD8967AB3}.debug_Completion|Win32.ActiveCfg = Debug|Win32
		{A6A5402B-B760-49BC-8526-901FD8967AB3}.debug_Completion|Win32.Build.0 = Debug|Win32
		{A6A5402B-B760-49BC-8526-901FD8967AB3}.Debug_IOCPServer|Win32.ActiveCfg = Debug|Win32
		{A6A5402B-B760-49BC-8526-901FD8967AB3}.Debug_IOCPServer|Win32.Build.0 = Debug|Win32
		{A6A5402B-B760-49BC-8526-901FD8967AB3}.Debug|Win32.ActiveCfg = Debug|Win32
		{A6A5402B-B760-49BC-8526-901FD8967AB3}.Debug|Win32.Build.0 = Debug|Win32
		{A6A5402B-B760-49BC-8526-901FD8967AB3}.release_Completion|Win32.ActiveCfg = Release|Win32
		{A6A5402B-B760-49BC-8526-901FD8967AB3}.release_Completion|Win32.Build.0 = Release|Win32
		{A6A5402B-B760-49BC-8526-901FD8967AB3}.Release_IOCPServer|Win32.ActiveCfg = Release|Win32
		{A6A5402B-B760-49BC-8526-901FD8967AB3}.Release_IOCPServer|Win32.Build.0 = Release|Win32
		{A6A5402B-B760-49BC-8526-901FD8967AB3}.Release|Win32.ActiveCfg = Release|Win32
		{A6A5402B-B760-49BC-8526-901FD8967AB3}.Release|Win32.Build.0 = Release|Win32
		{A6A5402B-B760-49BC-8526-901FD8967AB3}.sun_Send_debug|Win32.ActiveCfg = Release|Win32
		{A6A5402B-B760-49BC-8526-901FD8967AB3}.sun_Send_debug|Win32.Build.0 = Release|Win32
		{A6A5402B-B760-49BC-8526-901FD8967AB3}.sun_send_release|Win32.ActiveCfg = Release|Win32
		{A6A5402B-B760-49BC-8526-901FD8967AB3}.sun_send_release|Win32.Build.0 = Release|Win32
		{A6A5402B-B760-49BC-8526-901FD8967AB3}.东航专用|Win32.ActiveCfg = Release|Win32
		{A6A5402B-B760-49BC-8526-901FD8967AB3}.东航专用|Win32.Build.0 = Release|Win32
		{A6A5402B-B760-49BC-8526-901FD8967AB3}.东航专用-release|Win32.ActiveCfg = Release|Win32
		{A6A5402B-B760-49BC-8526-901FD8967AB3}.东航专用-release|Win32.Build.0 = Release|Win32
		{4CAFB30E-A602-443C-9387-2D29B50BF09C}.debug_Completion|Win32.ActiveCfg = Debug|Win32
		{4CAFB30E-A602-443C-9387-2D29B50BF09C}.debug_Completion|Win32.Build.0 = Debug|Win32
		{4CAFB30E-A602-443C-9387-2D29B50BF09C}.Debug_IOCPServer|Win32.ActiveCfg = Debug|Win32
		{4CAFB30E-A602-443C-9387-2D29B50BF09C}.Debug_IOCPServer|Win32.Build.0 = Debug|Win32
		{4CAFB30E-A602-443C-9387-2D29B50BF09C}.Debug|Win32.ActiveCfg = Debug|Win32
		{4CAFB30E-A602-443C-9387-2D29B50BF09C}.Debug|Win32.Build.0 = Debug|Win32
		{4CAFB30E-A602-443C-9387-2D29B50BF09C}.release_Completion|Win32.ActiveCfg = Release|Win32
		{4CAFB30E-A602-443C-9387-2D29B50BF09C}.release_Completion|Win32.Build.0 = Release|Win32
		{4CAFB30E-A602-443C-9387-2D29B50BF09C}.Release_IOCPServer|Win32.ActiveCfg = Release|Win32
		{4CAFB30E-A602-443C-9387-2D29B50BF09C}.Release_IOCPServer|Win32.Build.0 = Release|Win32
		{4CAFB30E-A602-443C-9387-2D29B50BF09C}.Release|Win32.ActiveCfg = Release|Win32
		{4CAFB30E-A602-443C-9387-2D29B50BF09C}.Release|Win32.Build.0 = Release|Win32
		{4CAFB30E-A602-443C-9387-2D29B50BF09C}.sun_Send_debug|Win32.ActiveCfg = Release|Win32
		{4CAFB30E-A602-443C-9387-2D29B50BF09C}.sun_Send_debug|Win32.Build.0 = Release|Win32
		{4CAFB30E-A602-443C-9387-2D29B50BF09C}.sun_send_release|Win32.ActiveCfg = Release|Win32
		{4CAFB30E-A602-443C-9387-2D29B50BF09C}.sun_send_release|Win32.Build.0 = Release|Win32
		{4CAFB30E-A602-443C-9387-2D29B50BF09C}.东航专用|Win32.ActiveCfg = Release|Win32
		{4CAFB30E-A602-443C-9387-2D29B50BF09C}.东航专用|Win32.Build.0 = Release|Win32
		{4CAFB30E-A602-443C-9387-2D29B50BF09C}.东航专用-release|Win32.ActiveCfg = Release|Win32
		{4CAFB30E-A602-443C-9387-2D29B50BF09C}.东航专用-release|Win32.Build.0 = Release|Win32
		{C1668567-75CE-4D2E-AB17-5C5755D7433D}.debug_Completion|Win32.ActiveCfg = Debug|Win32
		{C1668567-75CE-4D2E-AB17-5C5755D7433D}.debug_Completion|Win32.Build.0 = Debug|Win32
		{C1668567-75CE-4D2E-AB17-5C5755D7433D}.Debug_IOCPServer|Win32.ActiveCfg = Debug|Win32
		{C1668567-75CE-4D2E-AB17-5C5755D7433D}.Debug_IOCPServer|Win32.Build.0 = Debug|Win32
		{C1668567-75CE-4D2E-AB17-5C5755D7433D}.Debug|Win32.ActiveCfg = Debug|Win32
		{C1668567-75CE-4D2E-AB17-5C5755D7433D}.Debug|Win32.Build.0 = Debug|Win32
		{C1668567-75CE-4D2E-AB17-5C5755D7433D}.release_Completion|Win32.ActiveCfg = Release|Win32
		{C1668567-75CE-4D2E-AB17-5C5755D7433D}.release_Completion|Win32.Build.0 = Release|Win32
		{C1668567-75CE-4D2E-AB17-5C5755D7433D}.Release_IOCPServer|Win32.ActiveCfg = Release|Win32
		{C1668567-75CE-4D2E-AB17-5C5755D7433D}.Release_IOCPServer|Win32.Build.0 = Release|Win32
		{C1668567-75CE-4D2E-AB17-5C5755D7433D}.Release|Win32.ActiveCfg = Release|Win32
		{C1668567-75CE-4D2E-AB17-5C5755D7433D}.Release|Win32.Build.0 = Release|Win32
		{C1668567-75CE-4D2E-AB17-5C5755D7433D}.sun_Send_debug|Win32.ActiveCfg = Release|Win32
		{C1668567-75CE-4D2E-AB17-5C5755D7433D}.sun_Send_debug|Win32.Build.0 = Release|Win32
		{C1668567-75CE-4D2E-AB17-5C5755D7433D}.sun_send_release|Win32.ActiveCfg = Release|Win32
		{C1668567-75CE-4D2E-AB17-5C5755D7433D}.sun_send_release|Win32.Build.0 = Release|Win32
		{C1668567-75CE-4D2E-AB17-5C5755D7433D}.东航专用|Win32.ActiveCfg = Release|Win32
		{C1668567-75CE-4D2E-AB17-5C5755D7433D}.东航专用|Win32.Build.0 = Release|Win32
		{C1668567-75CE-4D2E-AB17-5C5755D7433D}.东航专用-release|Win32.ActiveCfg = Release|Win32
		{C1668567-75CE-4D2E-AB17-5C5755D7433D}.东航专用-release|Win32.Build.0 = Release|Win32
		{92D0E8A5-F1B4-428E-813B-82275D975CAF}.debug_Completion|Win32.ActiveCfg = Debug|Win32
		{92D0E8A5-F1B4-428E-813B-82275D975CAF}.debug_Completion|Win32.Build.0 = Debug|Win32
		{92D0E8A5-F1B4-428E-813B-82275D975CAF}.Debug_IOCPServer|Win32.ActiveCfg = Debug|Win32
		{92D0E8A5-F1B4-428E-813B-82275D975CAF}.Debug_IOCPServer|Win32.Build.0 = Debug|Win32
		{92D0E8A5-F1B4-428E-813B-82275D975CAF}.Debug|Win32.ActiveCfg = Debug|Win32
		{92D0E8A5-F1B4-428E-813B-82275D975CAF}.Debug|Win32.Build.0 = Debug|Win32
		{92D0E8A5-F1B4-428E-813B-82275D975CAF}.release_Completion|Win32.ActiveCfg = Release|Win32
		{92D0E8A5-F1B4-428E-813B-82275D975CAF}.release_Completion|Win32.Build.0 = Release|Win32
		{92D0E8A5-F1B4-428E-813B-82275D975CAF}.Release_IOCPServer|Win32.ActiveCfg = Release|Win32
		{92D0E8A5-F1B4-428E-813B-82275D975CAF}.Release_IOCPServer|Win32.Build.0 = Release|Win32
		{92D0E8A5-F1B4-428E-813B-82275D975CAF}.Release|Win32.ActiveCfg = Release|Win32
		{92D0E8A5-F1B4-428E-813B-82275D975CAF}.Release|Win32.Build.0 = Release|Win32
		{92D0E8A5-F1B4-428E-813B-82275D975CAF}.sun_Send_debug|Win32.ActiveCfg = Release|Win32
		{92D0E8A5-F1B4-428E-813B-82275D975CAF}.sun_Send_debug|Win32.Build.0 = Release|Win32
		{92D0E8A5-F1B4-428E-813B-82275D975CAF}.sun_send_release|Win32.ActiveCfg = Release|Win32
		{92D0E8A5-F1B4-428E-813B-82275D975CAF}.sun_send_release|Win32.Build.0 = Release|Win32
		{92D0E8A5-F1B4-428E-813B-82275D975CAF}.东航专用|Win32.ActiveCfg = Release|Win32
		{92D0E8A5-F1B4-428E-813B-82275D975CAF}.东航专用|Win32.Build.0 = Release|Win32
		{92D0E8A5-F1B4-428E-813B-82275D975CAF}.东航专用-release|Win32.ActiveCfg = Release|Win32
		{92D0E8A5-F1B4-428E-813B-82275D975CAF}.东航专用-release|Win32.Build.0 = Release|Win32
		{59399401-1D35-4AC5-8ECB-7E932B2EEF2E}.debug_Completion|Win32.ActiveCfg = Debug|Win32
		{59399401-1D35-4AC5-8ECB-7E932B2EEF2E}.debug_Completion|Win32.Build.0 = Debug|Win32
		{59399401-1D35-4AC5-8ECB-7E932B2EEF2E}.Debug_IOCPServer|Win32.ActiveCfg = Debug|Win32
		{59399401-1D35-4AC5-8ECB-7E932B2EEF2E}.Debug_IOCPServer|Win32.Build.0 = Debug|Win32
		{59399401-1D35-4AC5-8ECB-7E932B2EEF2E}.Debug|Win32.ActiveCfg = Debug|Win32
		{59399401-1D35-4AC5-8ECB-7E932B2EEF2E}.Debug|Win32.Build.0 = Debug|Win32
		{59399401-1D35-4AC5-8ECB-7E932B2EEF2E}.release_Completion|Win32.ActiveCfg = Release|Win32
		{59399401-1D35-4AC5-8ECB-7E932B2EEF2E}.release_Completion|Win32.Build.0 = Release|Win32
		{59399401-1D35-4AC5-8ECB-7E932B2EEF2E}.Release_IOCPServer|Win32.ActiveCfg = Release|Win32
		{59399401-1D35-4AC5-8ECB-7E932B2EEF2E}.Release_IOCPServer|Win32.Build.0 = Release|Win32
		{59399401-1D35-4AC5-8ECB-7E932B2EEF2E}.Release|Win32.ActiveCfg = Release|Win32
		{59399401-1D35-4AC5-8ECB-7E932B2EEF2E}.Release|Win32.Build.0 = Release|Win32
		{59399401-1D35-4AC5-8ECB-7E932B2EEF2E}.sun_Send_debug|Win32.ActiveCfg = Release|Win32
		{59399401-1D35-4AC5-8ECB-7E932B2EEF2E}.sun_Send_debug|Win32.Build.0 = Release|Win32
		{59399401-1D35-4AC5-8ECB-7E932B2EEF2E}.sun_send_release|Win32.ActiveCfg = Release|Win32
		{59399401-1D35-4AC5-8ECB-7E932B2EEF2E}.sun_send_release|Win32.Build.0 = Release|Win32
		{59399401-1D35-4AC5-8ECB-7E932B2EEF2E}.东航专用|Win32.ActiveCfg = Release|Win32
		{59399401-1D35-4AC5-8ECB-7E932B2EEF2E}.东航专用|Win32.Build.0 = Release|Win32
		{59399401-1D35-4AC5-8ECB-7E932B2EEF2E}.东航专用-release|Win32.ActiveCfg = Release|Win32
		{59399401-1D35-4AC5-8ECB-7E932B2EEF2E}.东航专用-release|Win32.Build.0 = Release|Win32
		{1EC92455-262F-479A-95CA-2EFDFA68AC8C}.debug_Completion|Win32.ActiveCfg = Debug|Win32
		{1EC92455-262F-479A-95CA-2EFDFA68AC8C}.debug_Completion|Win32.Build.0 = Debug|Win32
		{1EC92455-262F-479A-95CA-2EFDFA68AC8C}.Debug_IOCPServer|Win32.ActiveCfg = Debug|Win32
		{1EC92455-262F-479A-95CA-2EFDFA68AC8C}.Debug_IOCPServer|Win32.Build.0 = Debug|Win32
		{1EC92455-262F-479A-95CA-2EFDFA68AC8C}.Debug|Win32.ActiveCfg = Debug|Win32
		{1EC92455-262F-479A-95CA-2EFDFA68AC8C}.Debug|Win32.Build.0 = Debug|Win32
		{1EC92455-262F-479A-95CA-2EFDFA68AC8C}.release_Completion|Win32.ActiveCfg = Release|Win32
		{1EC92455-262F-479A-95CA-2EFDFA68AC8C}.release_Completion|Win32.Build.0 = Release|Win32
		{1EC92455-262F-479A-95CA-2EFDFA68AC8C}.Release_IOCPServer|Win32.ActiveCfg = Release|Win32
		{1EC92455-262F-479A-95CA-2EFDFA68AC8C}.Release_IOCPServer|Win32.Build.0 = Release|Win32
		{1EC92455-262F-479A-95CA-2EFDFA68AC8C}.Release|Win32.ActiveCfg = Release|Win32
		{1EC92455-262F-479A-95CA-2EFDFA68AC8C}.Release|Win32.Build.0 = Release|Win32
		{1EC92455-262F-479A-95CA-2EFDFA68AC8C}.sun_Send_debug|Win32.ActiveCfg = Release|Win32
		{1EC92455-262F-479A-95CA-2EFDFA68AC8C}.sun_Send_debug|Win32.Build.0 = Release|Win32
		{1EC92455-262F-479A-95CA-2EFDFA68AC8C}.sun_send_release|Win32.ActiveCfg = Release|Win32
		{1EC92455-262F-479A-95CA-2EFDFA68AC8C}.sun_send_release|Win32.Build.0 = Release|Win32
		{1EC92455-262F-479A-95CA-2EFDFA68AC8C}.东航专用|Win32.ActiveCfg = Release|Win32
		{1EC92455-262F-479A-95CA-2EFDFA68AC8C}.东航专用|Win32.Build.0 = Release|Win32
		{1EC92455-262F-479A-95CA-2EFDFA68AC8C}.东航专用-release|Win32.ActiveCfg = Release|Win32
		{1EC92455-262F-479A-95CA-2EFDFA68AC8C}.东航专用-release|Win32.Build.0 = Release|Win32
		{BE3AE936-5A32-494B-A2F0-D180B8A0619C}.debug_Completion|Win32.ActiveCfg = Debug|Win32
		{BE3AE936-5A32-494B-A2F0-D180B8A0619C}.debug_Completion|Win32.Build.0 = Debug|Win32
		{BE3AE936-5A32-494B-A2F0-D180B8A0619C}.Debug_IOCPServer|Win32.ActiveCfg = Debug|Win32
		{BE3AE936-5A32-494B-A2F0-D180B8A0619C}.Debug_IOCPServer|Win32.Build.0 = Debug|Win32
		{BE3AE936-5A32-494B-A2F0-D180B8A0619C}.Debug|Win32.ActiveCfg = Debug|Win32
		{BE3AE936-5A32-494B-A2F0-D180B8A0619C}.Debug|Win32.Build.0 = Debug|Win32
		{BE3AE936-5A32-494B-A2F0-D180B8A0619C}.release_Completion|Win32.ActiveCfg = Release|Win32
		{BE3AE936-5A32-494B-A2F0-D180B8A0619C}.release_Completion|Win32.Build.0 = Release|Win32
		{BE3AE936-5A32-494B-A2F0-D180B8A0619C}.Release_IOCPServer|Win32.ActiveCfg = Release|Win32
		{BE3AE936-5A32-494B-A2F0-D180B8A0619C}.Release_IOCPServer|Win32.Build.0 = Release|Win32
		{BE3AE936-5A32-494B-A2F0-D180B8A0619C}.Release|Win32.ActiveCfg = Release|Win32
		{BE3AE936-5A32-494B-A2F0-D180B8A0619C}.Release|Win32.Build.0 = Release|Win32
		{BE3AE936-5A32-494B-A2F0-D180B8A0619C}.sun_Send_debug|Win32.ActiveCfg = Release|Win32
		{BE3AE936-5A32-494B-A2F0-D180B8A0619C}.sun_Send_debug|Win32.Build.0 = Release|Win32
		{BE3AE936-5A32-494B-A2F0-D180B8A0619C}.sun_send_release|Win32.ActiveCfg = Release|Win32
		{BE3AE936-5A32-494B-A2F0-D180B8A0619C}.sun_send_release|Win32.Build.0 = Release|Win32
		{BE3AE936-5A32-494B-A2F0-D180B8A0619C}.东航专用|Win32.ActiveCfg = Release|Win32
		{BE3AE936-5A32-494B-A2F0-D180B8A0619C}.东航专用|Win32.Build.0 = Release|Win32
		{BE3AE936-5A32-494B-A2F0-D180B8A0619C}.东航专用-release|Win32.ActiveCfg = Release|Win32
		{BE3AE936-5A32-494B-A2F0-D180B8A0619C}.东航专用-release|Win32.Build.0 = Release|Win32
		{BE45B4FC-9EB3-4199-8E4B-10BBB8DF11E4}.debug_Completion|Win32.ActiveCfg = Debug|Win32
		{BE45B4FC-9EB3-4199-8E4B-10BBB8DF11E4}.debug_Completion|Win32.Build.0 = Debug|Win32
		{BE45B4FC-9EB3-4199-8E4B-10BBB8DF11E4}.Debug_IOCPServer|Win32.ActiveCfg = Debug|Win32
		{BE45B4FC-9EB3-4199-8E4B-10BBB8DF11E4}.Debug_IOCPServer|Win32.Build.0 = Debug|Win32
		{BE45B4FC-9EB3-4199-8E4B-10BBB8DF11E4}.Debug|Win32.ActiveCfg = Debug|Win32
		{BE45B4FC-9EB3-4199-8E4B-10BBB8DF11E4}.Debug|Win32.Build.0 = Debug|Win32
		{BE45B4FC-9EB3-4199-8E4B-10BBB8DF11E4}.release_Completion|Win32.ActiveCfg = Release|Win32
		{BE45B4FC-9EB3-4199-8E4B-10BBB8DF11E4}.release_Completion|Win32.Build.0 = Release|Win32
		{BE45B4FC-9EB3-4199-8E4B-10BBB8DF11E4}.Release_IOCPServer|Win32.ActiveCfg = Release|Win32
		{BE45B4FC-9EB3-4199-8E4B-10BBB8DF11E4}.Release_IOCPServer|Win32.Build.0 = Release|Win32
		{BE45B4FC-9EB3-4199-8E4B-10BBB8DF11E4}.Release|Win32.ActiveCfg = Release|Win32
		{BE45B4FC-9EB3-4199-8E4B-10BBB8DF11E4}.Release|Win32.Build.0 = Release|Win32
		{BE45B4FC-9EB3-4199-8E4B-10BBB8DF11E4}.sun_Send_debug|Win32.ActiveCfg = Release|Win32
		{BE45B4FC-9EB3-4199-8E4B-10BBB8DF11E4}.sun_Send_debug|Win32.Build.0 = Release|Win32
		{BE45B4FC-9EB3-4199-8E4B-10BBB8DF11E4}.sun_send_release|Win32.ActiveCfg = Release|Win32
		{BE45B4FC-9EB3-4199-8E4B-10BBB8DF11E4}.sun_send_release|Win32.Build.0 = Release|Win32
		{BE45B4FC-9EB3-4199-8E4B-10BBB8DF11E4}.东航专用|Win32.ActiveCfg = Release|Win32
		{BE45B4FC-9EB3-4199-8E4B-10BBB8DF11E4}.东航专用|Win32.Build.0 = Release|Win32
		{BE45B4FC-9EB3-4199-8E4B-10BBB8DF11E4}.东航专用-release|Win32.ActiveCfg = Release|Win32
		{BE45B4FC-9EB3-4199-8E4B-10BBB8DF11E4}.东航专用-release|Win32.Build.0 = Release|Win32
		{ECEE911E-FDD8-4D66-B4BD-F57D28AAB3B8}.debug_Completion|Win32.ActiveCfg = Debug|Win32
		{ECEE911E-FDD8-4D66-B4BD-F57D28AAB3B8}.debug_Completion|Win32.Build.0 = Debug|Win32
		{ECEE911E-FDD8-4D66-B4BD-F57D28AAB3B8}.Debug_IOCPServer|Win32.ActiveCfg = Debug|Win32
		{ECEE911E-FDD8-4D66-B4BD-F57D28AAB3B8}.Debug_IOCPServer|Win32.Build.0 = Debug|Win32
		{ECEE911E-FDD8-4D66-B4BD-F57D28AAB3B8}.Debug|Win32.ActiveCfg = Debug|Win32
		{ECEE911E-FDD8-4D66-B4BD-F57D28AAB3B8}.Debug|Win32.Build.0 = Debug|Win32
		{ECEE911E-FDD8-4D66-B4BD-F57D28AAB3B8}.release_Completion|Win32.ActiveCfg = Release|Win32
		{ECEE911E-FDD8-4D66-B4BD-F57D28AAB3B8}.release_Completion|Win32.Build.0 = Release|Win32
		{ECEE911E-FDD8-4D66-B4BD-F57D28AAB3B8}.Release_IOCPServer|Win32.ActiveCfg = Release|Win32
		{ECEE911E-FDD8-4D66-B4BD-F57D28AAB3B8}.Release_IOCPServer|Win32.Build.0 = Release|Win32
		{ECEE911E-FDD8-4D66-B4BD-F57D28AAB3B8}.Release|Win32.ActiveCfg = Release|Win32
		{ECEE911E-FDD8-4D66-B4BD-F57D28AAB3B8}.Release|Win32.Build.0 = Release|Win32
		{ECEE911E-FDD8-4D66-B4BD-F57D28AAB3B8}.sun_Send_debug|Win32.ActiveCfg = Debug|Win32
		{ECEE911E-FDD8-4D66-B4BD-F57D28AAB3B8}.sun_Send_debug|Win32.Build.0 = Debug|Win32
		{ECEE911E-FDD8-4D66-B4BD-F57D28AAB3B8}.sun_send_release|Win32.ActiveCfg = Debug|Win32
		{ECEE911E-FDD8-4D66-B4BD-F57D28AAB3B8}.sun_send_release|Win32.Build.0 = Debug|Win32
		{ECEE911E-FDD8-4D66-B4BD-F57D28AAB3B8}.东航专用|Win32.ActiveCfg = Debug|Win32
		{ECEE911E-FDD8-4D66-B4BD-F57D28AAB3B8}.东航专用|Win32.Build.0 = Debug|Win32
		{ECEE911E-FDD8-4D66-B4BD-F57D28AAB3B8}.东航专用-release|Win32.ActiveCfg = Debug|Win32
		{ECEE911E-FDD8-4D66-B4BD-F57D28AAB3B8}.东航专用-release|Win32.Build.0 = Debug|Win32
		{8DC042E6-BD87-4005-A0D3-587B21B71A85}.debug_Completion|Win32.ActiveCfg = Debug|Win32
		{8DC042E6-BD87-4005-A0D3-587B21B71A85}.debug_Completion|Win32.Build.0 = Debug|Win32
		{8DC042E6-BD87-4005-A0D3-587B21B71A85}.Debug_IOCPServer|Win32.ActiveCfg = Debug|Win32
		{8DC042E6-BD87-4005-A0D3-587B21B71A85}.Debug_IOCPServer|Win32.Build.0 = Debug|Win32
		{8DC042E6-BD87-4005-A0D3-587B21B71A85}.Debug|Win32.ActiveCfg = Debug|Win32
		{8DC042E6-BD87-4005-A0D3-587B21B71A85}.Debug|Win32.Build.0 = Debug|Win32
		{8DC042E6-BD87-4005-A0D3-587B21B71A85}.release_Completion|Win32.ActiveCfg = Release|Win32
		{8DC042E6-BD87-4005-A0D3-587B21B71A85}.release_Completion|Win32.Build.0 = Release|Win32
		{8DC042E6-BD87-4005-A0D3-587B21B71A85}.Release_IOCPServer|Win32.ActiveCfg = Release|Win32
		{8DC042E6-BD87-4005-A0D3-587B21B71A85}.Release_IOCPServer|Win32.Build.0 = Release|Win32
		{8DC042E6-BD87-4005-A0D3-587B21B71A85}.Release|Win32.ActiveCfg = Release|Win32
		{8DC042E6-BD87-4005-A0D3-587B21B71A85}.Release|Win32.Build.0 = Release|Win32
		{8DC042E6-BD87-4005-A0D3-587B21B71A85}.sun_Send_debug|Win32.ActiveCfg = Release|Win32
		{8DC042E6-BD87-4005-A0D3-587B21B71A85}.sun_Send_debug|Win32.Build.0 = Release|Win32
		{8DC042E6-BD87-4005-A0D3-587B21B71A85}.sun_send_release|Win32.ActiveCfg = Release|Win32
		{8DC042E6-BD87-4005-A0D3-587B21B71A85}.sun_send_release|Win32.Build.0 = Release|Win32
		{8DC042E6-BD87-4005-A0D3-587B21B71A85}.东航专用|Win32.ActiveCfg = Release|Win32
		{8DC042E6-BD87-4005-A0D3-587B21B71A85}.东航专用|Win32.Build.0 = Release|Win32
		{8DC042E6-BD87-4005-A0D3-587B21B71A85}.东航专用-release|Win32.ActiveCfg = Release|Win32
		{8DC042E6-BD87-4005-A0D3-587B21B71A85}.东航专用-release|Win32.Build.0 = Release|Win32
		{519C6B76-C6C8-4E6E-86B8-081B6CD61720}.debug_Completion|Win32.ActiveCfg = Debug|Win32
		{519C6B76-C6C8-4E6E-86B8-081B6CD61720}.debug_Completion|Win32.Build.0 = Debug|Win32
		{519C6B76-C6C8-4E6E-86B8-081B6CD61720}.Debug_IOCPServer|Win32.ActiveCfg = Debug|Win32
		{519C6B76-C6C8-4E6E-86B8-081B6CD61720}.Debug_IOCPServer|Win32.Build.0 = Debug|Win32
		{519C6B76-C6C8-4E6E-86B8-081B6CD61720}.Debug|Win32.ActiveCfg = Debug|Win32
		{519C6B76-C6C8-4E6E-86B8-081B6CD61720}.Debug|Win32.Build.0 = Debug|Win32
		{519C6B76-C6C8-4E6E-86B8-081B6CD61720}.release_Completion|Win32.ActiveCfg = Release|Win32
		{519C6B76-C6C8-4E6E-86B8-081B6CD61720}.release_Completion|Win32.Build.0 = Release|Win32
		{519C6B76-C6C8-4E6E-86B8-081B6CD61720}.Release_IOCPServer|Win32.ActiveCfg = Release|Win32
		{519C6B76-C6C8-4E6E-86B8-081B6CD61720}.Release_IOCPServer|Win32.Build.0 = Release|Win32
		{519C6B76-C6C8-4E6E-86B8-081B6CD61720}.Release|Win32.ActiveCfg = Release|Win32
		{519C6B76-C6C8-4E6E-86B8-081B6CD61720}.Release|Win32.Build.0 = Release|Win32
		{519C6B76-C6C8-4E6E-86B8-081B6CD61720}.sun_Send_debug|Win32.ActiveCfg = Release|Win32
		{519C6B76-C6C8-4E6E-86B8-081B6CD61720}.sun_Send_debug|Win32.Build.0 = Release|Win32
		{519C6B76-C6C8-4E6E-86B8-081B6CD61720}.sun_send_release|Win32.ActiveCfg = Release|Win32
		{519C6B76-C6C8-4E6E-86B8-081B6CD61720}.sun_send_release|Win32.Build.0 = Release|Win32
		{519C6B76-C6C8-4E6E-86B8-081B6CD61720}.东航专用|Win32.ActiveCfg = Release|Win32
		{519C6B76-C6C8-4E6E-86B8-081B6CD61720}.东航专用|Win32.Build.0 = Release|Win32
		{519C6B76-C6C8-4E6E-86B8-081B6CD61720}.东航专用-release|Win32.ActiveCfg = Release|Win32
		{519C6B76-C6C8-4E6E-86B8-081B6CD61720}.东航专用-release|Win32.Build.0 = Release|Win32
		{48F3E4CA-B769-4179-9E71-6B5AB4007764}.debug_Completion|Win32.ActiveCfg = Debug|Win32
		{48F3E4CA-B769-4179-9E71-6B5AB4007764}.debug_Completion|Win32.Build.0 = Debug|Win32
		{48F3E4CA-B769-4179-9E71-6B5AB4007764}.Debug_IOCPServer|Win32.ActiveCfg = Debug|Win32
		{48F3E4CA-B769-4179-9E71-6B5AB4007764}.Debug_IOCPServer|Win32.Build.0 = Debug|Win32
		{48F3E4CA-B769-4179-9E71-6B5AB4007764}.Debug|Win32.ActiveCfg = Debug|Win32
		{48F3E4CA-B769-4179-9E71-6B5AB4007764}.Debug|Win32.Build.0 = Debug|Win32
		{48F3E4CA-B769-4179-9E71-6B5AB4007764}.release_Completion|Win32.ActiveCfg = Release|Win32
		{48F3E4CA-B769-4179-9E71-6B5AB4007764}.release_Completion|Win32.Build.0 = Release|Win32
		{48F3E4CA-B769-4179-9E71-6B5AB4007764}.Release_IOCPServer|Win32.ActiveCfg = Release|Win32
		{48F3E4CA-B769-4179-9E71-6B5AB4007764}.Release_IOCPServer|Win32.Build.0 = Release|Win32
		{48F3E4CA-B769-4179-9E71-6B5AB4007764}.Release|Win32.ActiveCfg = Release|Win32
		{48F3E4CA-B769-4179-9E71-6B5AB4007764}.Release|Win32.Build.0 = Release|Win32
		{48F3E4CA-B769-4179-9E71-6B5AB4007764}.sun_Send_debug|Win32.ActiveCfg = Release|Win32
		{48F3E4CA-B769-4179-9E71-6B5AB4007764}.sun_Send_debug|Win32.Build.0 = Release|Win32
		{48F3E4CA-B769-4179-9E71-6B5AB4007764}.sun_send_release|Win32.ActiveCfg = Release|Win32
		{48F3E4CA-B769-4179-9E71-6B5AB4007764}.sun_send_release|Win32.Build.0 = Release|Win32
		{48F3E4CA-B769-4179-9E71-6B5AB4007764}.东航专用|Win32.ActiveCfg = Release|Win32
		{48F3E4CA-B769-4179-9E71-6B5AB4007764}.东航专用|Win32.Build.0 = Release|Win32
		{48F3E4CA-B769-4179-9E71-6B5AB4007764}.东航专用-release|Win32.ActiveCfg = Release|Win32
		{48F3E4CA-B769-4179-9E71-6B5AB4007764}.东航专用-release|Win32.Build.0 = Release|Win32
		{897D7C9E-3F5A-47AD-9797-54620162A474}.debug_Completion|Win32.ActiveCfg = Debug|Win32
		{897D7C9E-3F5A-47AD-9797-54620162A474}.debug_Completion|Win32.Build.0 = Debug|Win32
		{897D7C9E-3F5A-47AD-9797-54620162A474}.Debug_IOCPServer|Win32.ActiveCfg = Debug|Win32
		{897D7C9E-3F5A-47AD-9797-54620162A474}.Debug_IOCPServer|Win32.Build.0 = Debug|Win32
		{897D7C9E-3F5A-47AD-9797-54620162A474}.Debug|Win32.ActiveCfg = Debug|Win32
		{897D7C9E-3F5A-47AD-9797-54620162A474}.Debug|Win32.Build.0 = Debug|Win32
		{897D7C9E-3F5A-47AD-9797-54620162A474}.release_Completion|Win32.ActiveCfg = Release|Win32
		{897D7C9E-3F5A-47AD-9797-54620162A474}.release_Completion|Win32.Build.0 = Release|Win32
		{897D7C9E-3F5A-47AD-9797-54620162A474}.Release_IOCPServer|Win32.ActiveCfg = Release|Win32
		{897D7C9E-3F5A-47AD-9797-54620162A474}.Release_IOCPServer|Win32.Build.0 = Release|Win32
		{897D7C9E-3F5A-47AD-9797-54620162A474}.Release|Win32.ActiveCfg = Release|Win32
		{897D7C9E-3F5A-47AD-9797-54620162A474}.Release|Win32.Build.0 = Release|Win32
		{897D7C9E-3F5A-47AD-9797-54620162A474}.sun_Send_debug|Win32.ActiveCfg = Release|Win32
		{897D7C9E-3F5A-47AD-9797-54620162A474}.sun_Send_debug|Win32.Build.0 = Release|Win32
		{897D7C9E-3F5A-47AD-9797-54620162A474}.sun_send_release|Win32.ActiveCfg = Release|Win32
		{897D7C9E-3F5A-47AD-9797-54620162A474}.sun_send_release|Win32.Build.0 = Release|Win32
		{897D7C9E-3F5A-47AD-9797-54620162A474}.东航专用|Win32.ActiveCfg = Release|Win32
		{897D7C9E-3F5A-47AD-9797-54620162A474}.东航专用|Win32.Build.0 = Release|Win32
		{897D7C9E-3F5A-47AD-9797-54620162A474}.东航专用-release|Win32.ActiveCfg = Release|Win32
		{897D7C9E-3F5A-47AD-9797-54620162A474}.东航专用-release|Win32.Build.0 = Release|Win32
		{C3F7B46F-0EE4-459F-A622-AD04D2DB8C39}.debug_Completion|Win32.ActiveCfg = Debug|Win32
		{C3F7B46F-0EE4-459F-A622-AD04D2DB8C39}.debug_Completion|Win32.Build.0 = Debug|Win32
		{C3F7B46F-0EE4-459F-A622-AD04D2DB8C39}.Debug_IOCPServer|Win32.ActiveCfg = Debug|Win32
		{C3F7B46F-0EE4-459F-A622-AD04D2DB8C39}.Debug_IOCPServer|Win32.Build.0 = Debug|Win32
		{C3F7B46F-0EE4-459F-A622-AD04D2DB8C39}.Debug|Win32.ActiveCfg = Debug|Win32
		{C3F7B46F-0EE4-459F-A622-AD04D2DB8C39}.Debug|Win32.Build.0 = Debug|Win32
		{C3F7B46F-0EE4-459F-A622-AD04D2DB8C39}.release_Completion|Win32.ActiveCfg = Release|Win32
		{C3F7B46F-0EE4-459F-A622-AD04D2DB8C39}.release_Completion|Win32.Build.0 = Release|Win32
		{C3F7B46F-0EE4-459F-A622-AD04D2DB8C39}.Release_IOCPServer|Win32.ActiveCfg = Release|Win32
		{C3F7B46F-0EE4-459F-A622-AD04D2DB8C39}.Release_IOCPServer|Win32.Build.0 = Release|Win32
		{C3F7B46F-0EE4-459F-A622-AD04D2DB8C39}.Release|Win32.ActiveCfg = Release|Win32
		{C3F7B46F-0EE4-459F-A622-AD04D2DB8C39}.Release|Win32.Build.0 = Release|Win32
		{C3F7B46F-0EE4-459F-A622-AD04D2DB8C39}.sun_Send_debug|Win32.ActiveCfg = Release|Win32
		{C3F7B46F-0EE4-459F-A622-AD04D2DB8C39}.sun_Send_debug|Win32.Build.0 = Release|Win32
		{C3F7B46F-0EE4-459F-A622-AD04D2DB8C39}.sun_send_release|Win32.ActiveCfg = Release|Win32
		{C3F7B46F-0EE4-459F-A622-AD04D2DB8C39}.sun_send_release|Win32.Build.0 = Release|Win32
		{C3F7B46F-0EE4-459F-A622-AD04D2DB8C39}.东航专用|Win32.ActiveCfg = Release|Win32
		{C3F7B46F-0EE4-459F-A622-AD04D2DB8C39}.东航专用|Win32.Build.0 = Release|Win32
		{C3F7B46F-0EE4-459F-A622-AD04D2DB8C39}.东航专用-release|Win32.ActiveCfg = Release|Win32
		{C3F7B46F-0EE4-459F-A622-AD04D2DB8C39}.东航专用-release|Win32.Build.0 = Release|Win32
		{358CF198-0306-4A8E-85E8-6856AECB0FE0}.debug_Completion|Win32.ActiveCfg = Debug|Win32
		{358CF198-0306-4A8E-85E8-6856AECB0FE0}.debug_Completion|Win32.Build.0 = Debug|Win32
		{358CF198-0306-4A8E-85E8-6856AECB0FE0}.Debug_IOCPServer|Win32.ActiveCfg = Debug|Win32
		{358CF198-0306-4A8E-85E8-6856AECB0FE0}.Debug_IOCPServer|Win32.Build.0 = Debug|Win32
		{358CF198-0306-4A8E-85E8-6856AECB0FE0}.Debug|Win32.ActiveCfg = Debug|Win32
		{358CF198-0306-4A8E-85E8-6856AECB0FE0}.Debug|Win32.Build.0 = Debug|Win32
		{358CF198-0306-4A8E-85E8-6856AECB0FE0}.release_Completion|Win32.ActiveCfg = Release|Win32
		{358CF198-0306-4A8E-85E8-6856AECB0FE0}.release_Completion|Win32.Build.0 = Release|Win32
		{358CF198-0306-4A8E-85E8-6856AECB0FE0}.Release_IOCPServer|Win32.ActiveCfg = Release|Win32
		{358CF198-0306-4A8E-85E8-6856AECB0FE0}.Release_IOCPServer|Win32.Build.0 = Release|Win32
		{358CF198-0306-4A8E-85E8-6856AECB0FE0}.Release|Win32.ActiveCfg = Release|Win32
		{358CF198-0306-4A8E-85E8-6856AECB0FE0}.Release|Win32.Build.0 = Release|Win32
		{358CF198-0306-4A8E-85E8-6856AECB0FE0}.sun_Send_debug|Win32.ActiveCfg = Release|Win32
		{358CF198-0306-4A8E-85E8-6856AECB0FE0}.sun_Send_debug|Win32.Build.0 = Release|Win32
		{358CF198-0306-4A8E-85E8-6856AECB0FE0}.sun_send_release|Win32.ActiveCfg = Release|Win32
		{358CF198-0306-4A8E-85E8-6856AECB0FE0}.sun_send_release|Win32.Build.0 = Release|Win32
		{358CF198-0306-4A8E-85E8-6856AECB0FE0}.东航专用|Win32.ActiveCfg = Release|Win32
		{358CF198-0306-4A8E-85E8-6856AECB0FE0}.东航专用|Win32.Build.0 = Release|Win32
		{358CF198-0306-4A8E-85E8-6856AECB0FE0}.东航专用-release|Win32.ActiveCfg = Release|Win32
		{358CF198-0306-4A8E-85E8-6856AECB0FE0}.东航专用-release|Win32.Build.0 = Release|Win32
	EndGlobalSection
	GlobalSection(SolutionProperties) = preSolution
		HideSolutionNode = FALSE
	EndGlobalSection
	GlobalSection(NestedProjects) = preSolution
		{814ED4DE-37CC-4151-B4FB-53CB67823CEE} = {323A18B5-176A-40A4-AD13-944938CC2976}
		{80940506-CDF2-45EB-A78F-E662C082F8F6} = {323A18B5-176A-40A4-AD13-944938CC2976}
		{CCBEEB0D-3276-4C0F-956B-2A11F73F018D} = {323A18B5-176A-40A4-AD13-944938CC2976}
		{CB9D5ECC-D328-41A9-91F5-43E4F50F1335} = {323A18B5-176A-40A4-AD13-944938CC2976}
		{AD6F303E-DD5E-4403-B9FF-916D16904900} = {323A18B5-176A-40A4-AD13-944938CC2976}
		{ECEE911E-FDD8-4D66-B4BD-F57D28AAB3B8} = {323A18B5-176A-40A4-AD13-944938CC2976}
		{519C6B76-C6C8-4E6E-86B8-081B6CD61720} = {323A18B5-176A-40A4-AD13-944938CC2976}
		{83A501DA-C102-4212-8D05-9E384FFBC0BF} = {75AD5AE1-6441-4D98-9440-234E2F31613C}
		{F23C310F-D28C-4BD8-A88D-4CABA544515A} = {75AD5AE1-6441-4D98-9440-234E2F31613C}
		{59399401-1D35-4AC5-8ECB-7E932B2EEF2E} = {75AD5AE1-6441-4D98-9440-234E2F31613C}
		{BE3AE936-5A32-494B-A2F0-D180B8A0619C} = {75AD5AE1-6441-4D98-9440-234E2F31613C}
		{BE45B4FC-9EB3-4199-8E4B-10BBB8DF11E4} = {75AD5AE1-6441-4D98-9440-234E2F31613C}
		{8DC042E6-BD87-4005-A0D3-587B21B71A85} = {75AD5AE1-6441-4D98-9440-234E2F31613C}
		{358CF198-0306-4A8E-85E8-6856AECB0FE0} = {75AD5AE1-6441-4D98-9440-234E2F31613C}
		{561F0AF2-E017-4B64-82E7-C9D424694A8F} = {23805037-F243-4E94-8376-9424D108D3C5}
		{DF0FB351-417A-4A06-ADF6-0BC21680A9E9} = {23805037-F243-4E94-8376-9424D108D3C5}
		{A6A5402B-B760-49BC-8526-901FD8967AB3} = {23805037-F243-4E94-8376-9424D108D3C5}
		{48F3E4CA-B769-4179-9E71-6B5AB4007764} = {23805037-F243-4E94-8376-9424D108D3C5}
		{DC272474-AC0F-4BD0-BA8F-DA1992A338B4} = {DDBB46A8-B6A9-46C4-A8F3-9265CFCA856C}
		{6154E7E7-5AFC-432F-B8D9-CFAF99D63461} = {DDBB46A8-B6A9-46C4-A8F3-9265CFCA856C}
		{4CAFB30E-A602-443C-9387-2D29B50BF09C} = {DDBB46A8-B6A9-46C4-A8F3-9265CFCA856C}
		{C3F7B46F-0EE4-459F-A622-AD04D2DB8C39} = {DDBB46A8-B6A9-46C4-A8F3-9265CFCA856C}
		{C1668567-75CE-4D2E-AB17-5C5755D7433D} = {194E0F17-D04B-4BCD-9473-8C953B31AD55}
		{92D0E8A5-F1B4-428E-813B-82275D975CAF} = {194E0F17-D04B-4BCD-9473-8C953B31AD55}
		{1EC92455-262F-479A-95CA-2EFDFA68AC8C} = {0990D0A4-6F62-4BEC-958A-8319C46ADA38}
		{897D7C9E-3F5A-47AD-9797-54620162A474} = {0990D0A4-6F62-4BEC-958A-8319C46ADA38}
	EndGlobalSection
	GlobalSection(DPCodeReviewSolutionGUID) = preSolution
		DPCodeReviewSolutionGUID = {00000000-0000-0000-0000-000000000000}
	EndGlobalSection
EndGlobal
