<?xml version="1.0" encoding="utf-8"?>
<Project ToolsVersion="4.0" xmlns="http://schemas.microsoft.com/developer/msbuild/2003">
  <ItemGroup>
    <Filter Include="源文件">
      <UniqueIdentifier>{4FC737F1-C7A5-4376-A066-2A32D752A2FF}</UniqueIdentifier>
      <Extensions>cpp;c;cxx;def;odl;idl;hpj;bat;asm;asmx</Extensions>
    </Filter>
    <Filter Include="头文件">
      <UniqueIdentifier>{93995380-89BD-4b04-88EB-625FBE52EBFB}</UniqueIdentifier>
      <Extensions>h;hpp;hxx;hm;inl;inc;xsd</Extensions>
    </Filter>
    <Filter Include="资源文件">
      <UniqueIdentifier>{67DA6AB6-F800-4c08-8B7A-83BB121AAD01}</UniqueIdentifier>
      <Extensions>rc;ico;cur;bmp;dlg;rc2;rct;bin;rgs;gif;jpg;jpeg;jpe;resx</Extensions>
    </Filter>
  </ItemGroup>
  <ItemGroup>
    <ClCompile Include="..\..\ServiceEntity\TradeCore\Ar1Packet.cpp">
      <Filter>源文件</Filter>
    </ClCompile>
    <ClCompile Include="..\..\Common\DLLEntryBase.cpp">
      <Filter>源文件</Filter>
    </ClCompile>
    <ClCompile Include="EntrustList.cpp">
      <Filter>源文件</Filter>
    </ClCompile>
    <ClCompile Include="GeneralEntrust.cpp">
      <Filter>源文件</Filter>
    </ClCompile>
    <ClCompile Include="..\..\Common\HSBizDialog.cpp">
      <Filter>源文件</Filter>
    </ClCompile>
    <ClCompile Include="MenuTree.cpp">
      <Filter>源文件</Filter>
    </ClCompile>
    <ClCompile Include="MenuTreeDlg.cpp">
      <Filter>源文件</Filter>
    </ClCompile>
    <ClCompile Include="..\..\Common\PackEntry.cpp">
      <Filter>源文件</Filter>
    </ClCompile>
    <ClCompile Include="QuoteReport.cpp">
      <Filter>源文件</Filter>
    </ClCompile>
    <ClCompile Include="ScrollNews.cpp">
      <Filter>源文件</Filter>
    </ClCompile>
    <ClCompile Include="ShareHolderList.cpp">
      <Filter>源文件</Filter>
    </ClCompile>
    <ClCompile Include="SplitterControl.cpp">
      <Filter>源文件</Filter>
    </ClCompile>
    <ClCompile Include="stdafx.cpp">
      <Filter>源文件</Filter>
    </ClCompile>
    <ClCompile Include="TradeLockDlg.cpp">
      <Filter>源文件</Filter>
    </ClCompile>
    <ClCompile Include="TradeTcpView.cpp">
      <Filter>源文件</Filter>
    </ClCompile>
    <ClCompile Include="TradeToolBar.cpp">
      <Filter>源文件</Filter>
    </ClCompile>
    <ClCompile Include="Transaction.cpp">
      <Filter>源文件</Filter>
    </ClCompile>
    <ClCompile Include="ViewTree.cpp">
      <Filter>源文件</Filter>
    </ClCompile>
    <ClCompile Include="..\..\Common\WinnerApplication.cpp">
      <Filter>源文件</Filter>
    </ClCompile>
    <ClCompile Include="WinnerStatusBar.cpp">
      <Filter>源文件</Filter>
    </ClCompile>
  </ItemGroup>
  <ItemGroup>
    <None Include="Transaction.def">
      <Filter>源文件</Filter>
    </None>
    <None Include="cursor1.cur">
      <Filter>资源文件</Filter>
    </None>
    <None Include="res\Transaction.rc2">
      <Filter>资源文件</Filter>
    </None>
  </ItemGroup>
  <ItemGroup>
    <ClInclude Include="..\..\ServiceEntity\TradeCore\Ar1Packet.h">
      <Filter>头文件</Filter>
    </ClInclude>
    <ClInclude Include="..\..\Common\DLLEntryBase.h">
      <Filter>头文件</Filter>
    </ClInclude>
    <ClInclude Include="EntrustList.h">
      <Filter>头文件</Filter>
    </ClInclude>
    <ClInclude Include="GeneralEntrust.h">
      <Filter>头文件</Filter>
    </ClInclude>
    <ClInclude Include="..\..\Common\HSBizDialog.h">
      <Filter>头文件</Filter>
    </ClInclude>
    <ClInclude Include="MenuTree.h">
      <Filter>头文件</Filter>
    </ClInclude>
    <ClInclude Include="MenuTreeDlg.h">
      <Filter>头文件</Filter>
    </ClInclude>
    <ClInclude Include="..\..\Common\PackEntry.h">
      <Filter>头文件</Filter>
    </ClInclude>
    <ClInclude Include="QuoteReport.h">
      <Filter>头文件</Filter>
    </ClInclude>
    <ClInclude Include="Resource.h">
      <Filter>头文件</Filter>
    </ClInclude>
    <ClInclude Include="ScrollNews.h">
      <Filter>头文件</Filter>
    </ClInclude>
    <ClInclude Include="ShareHolderList.h">
      <Filter>头文件</Filter>
    </ClInclude>
    <ClInclude Include="SplitterControl.h">
      <Filter>头文件</Filter>
    </ClInclude>
    <ClInclude Include="stdafx.h">
      <Filter>头文件</Filter>
    </ClInclude>
    <ClInclude Include="TradeLockDlg.h">
      <Filter>头文件</Filter>
    </ClInclude>
    <ClInclude Include="TradeTcpView.h">
      <Filter>头文件</Filter>
    </ClInclude>
    <ClInclude Include="TradeToolBar.h">
      <Filter>头文件</Filter>
    </ClInclude>
    <ClInclude Include="Transaction.h">
      <Filter>头文件</Filter>
    </ClInclude>
    <ClInclude Include="ViewTree.h">
      <Filter>头文件</Filter>
    </ClInclude>
    <ClInclude Include="..\..\Common\WinnerApplication.h">
      <Filter>头文件</Filter>
    </ClInclude>
    <ClInclude Include="WinnerStatusBar.h">
      <Filter>头文件</Filter>
    </ClInclude>
  </ItemGroup>
  <ItemGroup>
    <ResourceCompile Include="Transaction.rc">
      <Filter>资源文件</Filter>
    </ResourceCompile>
  </ItemGroup>
</Project>