<?xml version="1.0" encoding="utf-8"?>
<Project ToolsVersion="4.0" xmlns="http://schemas.microsoft.com/developer/msbuild/2003">
  <ItemGroup>
    <Filter Include="Source Files">
      <UniqueIdentifier>{4FC737F1-C7A5-4376-A066-2A32D752A2FF}</UniqueIdentifier>
      <Extensions>cpp;c;cc;cxx;def;odl;idl;hpj;bat;asm;asmx</Extensions>
    </Filter>
    <Filter Include="Header Files">
      <UniqueIdentifier>{93995380-89BD-4b04-88EB-625FBE52EBFB}</UniqueIdentifier>
      <Extensions>h;hpp;hxx;hm;inl;inc;xsd</Extensions>
    </Filter>
    <Filter Include="Resource Files">
      <UniqueIdentifier>{67DA6AB6-F800-4c08-8B7A-83BB121AAD01}</UniqueIdentifier>
      <Extensions>rc;ico;cur;bmp;dlg;rc2;rct;bin;rgs;gif;jpg;jpeg;jpe;resx;tiff;tif;png;wav</Extensions>
    </Filter>
    <Filter Include="datacache">
      <UniqueIdentifier>{52c011f4-a8be-4fc5-ae0d-6c60cc72b1e7}</UniqueIdentifier>
    </Filter>
  </ItemGroup>
  <ItemGroup>
    <ClCompile Include="AutoRequest.cpp">
      <Filter>Source Files</Filter>
    </ClCompile>
    <ClCompile Include="BlockManger.cpp">
      <Filter>Source Files</Filter>
    </ClCompile>
    <ClCompile Include="CommBouseManager.cpp">
      <Filter>Source Files</Filter>
    </ClCompile>
    <ClCompile Include="ConfigManager.cpp">
      <Filter>Source Files</Filter>
    </ClCompile>
    <ClCompile Include="DataSinkConnectManager.cpp">
      <Filter>Source Files</Filter>
    </ClCompile>
    <ClCompile Include="DataSource.cpp">
      <Filter>Source Files</Filter>
    </ClCompile>
    <ClCompile Include="DataSourceImpl.cpp">
      <Filter>Source Files</Filter>
    </ClCompile>
    <ClCompile Include="..\..\..\Common\DLLEntryBase.cpp">
      <Filter>Source Files</Filter>
    </ClCompile>
    <ClCompile Include="DSWriteFile.cpp">
      <Filter>Source Files</Filter>
    </ClCompile>
    <ClCompile Include="MapPreSubscrition.cpp">
      <Filter>Source Files</Filter>
    </ClCompile>
    <ClCompile Include="..\..\..\Common\PackEntry.cpp">
      <Filter>Source Files</Filter>
    </ClCompile>
    <ClCompile Include="ProgressDlg.cpp">
      <Filter>Source Files</Filter>
    </ClCompile>
    <ClCompile Include="PyjcManager.cpp">
      <Filter>Source Files</Filter>
    </ClCompile>
    <ClCompile Include="RecvDataDeal.cpp">
      <Filter>Source Files</Filter>
    </ClCompile>
    <ClCompile Include="ReplyDataManger.cpp">
      <Filter>Source Files</Filter>
    </ClCompile>
    <ClCompile Include="RequestResponceDataManager.cpp">
      <Filter>Source Files</Filter>
    </ClCompile>
    <ClCompile Include="stdafx.cpp">
      <Filter>Source Files</Filter>
    </ClCompile>
    <ClCompile Include="StockInfo.cpp">
      <Filter>Source Files</Filter>
    </ClCompile>
    <ClCompile Include="stockManager.cpp">
      <Filter>Source Files</Filter>
    </ClCompile>
    <ClCompile Include="SubscriptionManager.cpp">
      <Filter>Source Files</Filter>
    </ClCompile>
    <ClCompile Include="..\..\..\Common\WinnerApplication.cpp">
      <Filter>Source Files</Filter>
    </ClCompile>
    <ClCompile Include="WndRecvData.cpp">
      <Filter>Source Files</Filter>
    </ClCompile>
    <ClCompile Include="WriteReadStandardConfig.cpp">
      <Filter>Source Files</Filter>
    </ClCompile>
    <ClCompile Include="DataCache.cpp">
      <Filter>datacache</Filter>
    </ClCompile>
    <ClCompile Include="HSDisk.cpp">
      <Filter>datacache</Filter>
    </ClCompile>
    <ClCompile Include="InfoData.cpp">
      <Filter>datacache</Filter>
    </ClCompile>
    <ClCompile Include="KLineDataFile.cpp">
      <Filter>datacache</Filter>
    </ClCompile>
    <ClCompile Include="TrendFile.cpp">
      <Filter>datacache</Filter>
    </ClCompile>
  </ItemGroup>
  <ItemGroup>
    <None Include="DataSource.def">
      <Filter>Source Files</Filter>
    </None>
    <None Include="res\DataSource.rc2">
      <Filter>Resource Files</Filter>
    </None>
  </ItemGroup>
  <ItemGroup>
    <ClInclude Include="AutoRequest.h">
      <Filter>Header Files</Filter>
    </ClInclude>
    <ClInclude Include="BlockManger.h">
      <Filter>Header Files</Filter>
    </ClInclude>
    <ClInclude Include="CommBourseManager.h">
      <Filter>Header Files</Filter>
    </ClInclude>
    <ClInclude Include="ConfigManager.h">
      <Filter>Header Files</Filter>
    </ClInclude>
    <ClInclude Include="DataSinkConnectManager.h">
      <Filter>Header Files</Filter>
    </ClInclude>
    <ClInclude Include="DataSource.h">
      <Filter>Header Files</Filter>
    </ClInclude>
    <ClInclude Include="..\..\..\Common\DataSourceDefine.h">
      <Filter>Header Files</Filter>
    </ClInclude>
    <ClInclude Include="..\..\..\Common\DataSourceDefineEx.h">
      <Filter>Header Files</Filter>
    </ClInclude>
    <ClInclude Include="DataSourceImpl.h">
      <Filter>Header Files</Filter>
    </ClInclude>
    <ClInclude Include="..\..\..\Common\DataSourceSinkDefine.h">
      <Filter>Header Files</Filter>
    </ClInclude>
    <ClInclude Include="..\..\..\Common\DLLEntryBase.h">
      <Filter>Header Files</Filter>
    </ClInclude>
    <ClInclude Include="DSWriteFile.h">
      <Filter>Header Files</Filter>
    </ClInclude>
    <ClInclude Include="..\..\..\Common\hsds_comudata.h">
      <Filter>Header Files</Filter>
    </ClInclude>
    <ClInclude Include="..\..\..\Common\hsstructnew.h">
      <Filter>Header Files</Filter>
    </ClInclude>
    <ClInclude Include="MapPreSubscrition.h">
      <Filter>Header Files</Filter>
    </ClInclude>
    <ClInclude Include="..\..\..\Common\NetEngineInterface.h">
      <Filter>Header Files</Filter>
    </ClInclude>
    <ClInclude Include="..\..\..\Common\PackEntry.h">
      <Filter>Header Files</Filter>
    </ClInclude>
    <ClInclude Include="Performance.h">
      <Filter>Header Files</Filter>
    </ClInclude>
    <ClInclude Include="ProgressDlg.h">
      <Filter>Header Files</Filter>
    </ClInclude>
    <ClInclude Include="PyjcManager.h">
      <Filter>Header Files</Filter>
    </ClInclude>
    <ClInclude Include="ReplyDataManger.h">
      <Filter>Header Files</Filter>
    </ClInclude>
    <ClInclude Include="RequestResponceDataManager.h">
      <Filter>Header Files</Filter>
    </ClInclude>
    <ClInclude Include="Resource.h">
      <Filter>Header Files</Filter>
    </ClInclude>
    <ClInclude Include="stdafx.h">
      <Filter>Header Files</Filter>
    </ClInclude>
    <ClInclude Include="stockManager.h">
      <Filter>Header Files</Filter>
    </ClInclude>
    <ClInclude Include="SubscriptionManager.h">
      <Filter>Header Files</Filter>
    </ClInclude>
    <ClInclude Include="targetver.h">
      <Filter>Header Files</Filter>
    </ClInclude>
    <ClInclude Include="..\..\..\Common\WinnerApplication.h">
      <Filter>Header Files</Filter>
    </ClInclude>
    <ClInclude Include="WndRecvData.h">
      <Filter>Header Files</Filter>
    </ClInclude>
    <ClInclude Include="WriteReadStandardConfig.h">
      <Filter>Header Files</Filter>
    </ClInclude>
    <ClInclude Include="DataCache.h">
      <Filter>datacache</Filter>
    </ClInclude>
    <ClInclude Include="HSDisk.h">
      <Filter>datacache</Filter>
    </ClInclude>
    <ClInclude Include="InfoData.h">
      <Filter>datacache</Filter>
    </ClInclude>
    <ClInclude Include="KLineDataFile.h">
      <Filter>datacache</Filter>
    </ClInclude>
    <ClInclude Include="TrendFile.h">
      <Filter>datacache</Filter>
    </ClInclude>
  </ItemGroup>
  <ItemGroup>
    <ResourceCompile Include="DataSource.rc">
      <Filter>Resource Files</Filter>
    </ResourceCompile>
  </ItemGroup>
  <ItemGroup>
    <Text Include="ReadMe.txt" />
  </ItemGroup>
</Project>